{
  "version": 4,
  "terraform_version": "1.10.4",
  "serial": 549,
  "lineage": "a7abd81e-9ea0-02ea-d860-ddab3c83feaf",
  "outputs": {
    "alb_dns_name": {
      "value": "backend-alb-861790033.ap-southeast-1.elb.amazonaws.com",
      "type": "string"
    },
    "aurora_endpoint": {
      "value": "app-aurora.cluster-cr0mqyio8js6.ap-southeast-1.rds.amazonaws.com",
      "type": "string"
    },
    "kong_db_endpoint": {
      "value": "kong-db-instance.cr0mqyio8js6.ap-southeast-1.rds.amazonaws.com:5432",
      "type": "string"
    },
    "kong_repository_url": {
      "value": "644789170005.dkr.ecr.ap-southeast-1.amazonaws.com/kong",
      "type": "string"
    },
    "kong_secret_arn": {
      "value": "arn:aws:secretsmanager:ap-southeast-1:644789170005:secret:kong-secrets-d5b691f3ddc304e5-20250720-012211-Yi7nT8",
      "type": "string"
    },
    "redis_endpoint": {
      "value": "redis.xsrjym.0001.apse1.cache.amazonaws.com",
      "type": "string"
    },
    "vpc_id": {
      "value": "vpc-038e1d46082a63150",
      "type": "string"
    }
  },
  "resources": [
    {
      "module": "module.alb",
      "mode": "managed",
      "type": "aws_lb",
      "name": "main",
      "provider": "provider[\"registry.terraform.io/hashicorp/aws\"]",
      "instances": [
        {
          "schema_version": 0,
          "attributes": {
            "access_logs": [
              {
                "bucket": "",
                "enabled": false,
                "prefix": ""
              }
            ],
            "arn": "arn:aws:elasticloadbalancing:ap-southeast-1:644789170005:loadbalancer/app/backend-alb/8c3dc20bda2ab026",
            "arn_suffix": "app/backend-alb/8c3dc20bda2ab026",
            "client_keep_alive": 3600,
            "connection_logs": [
              {
                "bucket": "",
                "enabled": false,
                "prefix": ""
              }
            ],
            "customer_owned_ipv4_pool": "",
            "desync_mitigation_mode": "defensive",
            "dns_name": "backend-alb-861790033.ap-southeast-1.elb.amazonaws.com",
            "dns_record_client_routing_policy": null,
            "drop_invalid_header_fields": false,
            "enable_cross_zone_load_balancing": true,
            "enable_deletion_protection": false,
            "enable_http2": true,
            "enable_tls_version_and_cipher_suite_headers": false,
            "enable_waf_fail_open": false,
            "enable_xff_client_port": false,
            "enable_zonal_shift": false,
            "enforce_security_group_inbound_rules_on_private_link_traffic": "",
            "id": "arn:aws:elasticloadbalancing:ap-southeast-1:644789170005:loadbalancer/app/backend-alb/8c3dc20bda2ab026",
            "idle_timeout": 60,
            "internal": false,
            "ip_address_type": "ipv4",
            "ipam_pools": [],
            "load_balancer_type": "application",
            "minimum_load_balancer_capacity": [],
            "name": "backend-alb",
            "name_prefix": "",
            "preserve_host_header": false,
            "security_groups": [
              "sg-0d0a69d8e4404fca2"
            ],
            "subnet_mapping": [
              {
                "allocation_id": "",
                "ipv6_address": "",
                "outpost_id": "",
                "private_ipv4_address": "",
                "subnet_id": "subnet-01c3226ccc9730635"
              },
              {
                "allocation_id": "",
                "ipv6_address": "",
                "outpost_id": "",
                "private_ipv4_address": "",
                "subnet_id": "subnet-0d693481d3f53f80b"
              }
            ],
            "subnets": [
              "subnet-01c3226ccc9730635",
              "subnet-0d693481d3f53f80b"
            ],
            "tags": {
              "Name": "backend-alb"
            },
            "tags_all": {
              "Environment": "production",
              "ManagedBy": "terraform",
              "Name": "backend-alb",
              "Project": "backend-vpc"
            },
            "timeouts": null,
            "vpc_id": "vpc-038e1d46082a63150",
            "xff_header_processing_mode": "append",
            "zone_id": "Z1LMS91P8CMLE5"
          },
          "sensitive_attributes": [],
          "private": "eyJlMmJmYjczMC1lY2FhLTExZTYtOGY4OC0zNDM2M2JjN2M0YzAiOnsiY3JlYXRlIjo2MDAwMDAwMDAwMDAsImRlbGV0ZSI6NjAwMDAwMDAwMDAwLCJ1cGRhdGUiOjYwMDAwMDAwMDAwMH19",
          "dependencies": [
            "module.vpc.aws_eip.nat",
            "module.vpc.aws_internet_gateway.main",
            "module.vpc.aws_nat_gateway.main",
            "module.vpc.aws_route_table.private",
            "module.vpc.aws_route_table.trust",
            "module.vpc.aws_route_table_association.private",
            "module.vpc.aws_route_table_association.trust",
            "module.vpc.aws_security_group.alb",
            "module.vpc.aws_security_group.private",
            "module.vpc.aws_security_group.trust_db",
            "module.vpc.aws_subnet.private",
            "module.vpc.aws_subnet.trust",
            "module.vpc.aws_vpc.main"
          ]
        }
      ]
    },
    {
      "module": "module.alb",
      "mode": "managed",
      "type": "aws_lb_listener",
      "name": "main",
      "provider": "provider[\"registry.terraform.io/hashicorp/aws\"]",
      "instances": [
        {
          "schema_version": 0,
          "attributes": {
            "alpn_policy": null,
            "arn": "arn:aws:elasticloadbalancing:ap-southeast-1:644789170005:listener/app/backend-alb/8c3dc20bda2ab026/a4df616710471388",
            "certificate_arn": null,
            "default_action": [
              {
                "authenticate_cognito": [],
                "authenticate_oidc": [],
                "fixed_response": [],
                "forward": [],
                "order": 1,
                "redirect": [],
                "target_group_arn": "arn:aws:elasticloadbalancing:ap-southeast-1:644789170005:targetgroup/backend-alb-tg/96e12b71170cb7aa",
                "type": "forward"
              }
            ],
            "id": "arn:aws:elasticloadbalancing:ap-southeast-1:644789170005:listener/app/backend-alb/8c3dc20bda2ab026/a4df616710471388",
            "load_balancer_arn": "arn:aws:elasticloadbalancing:ap-southeast-1:644789170005:loadbalancer/app/backend-alb/8c3dc20bda2ab026",
            "mutual_authentication": [],
            "port": 80,
            "protocol": "HTTP",
            "routing_http_request_x_amzn_mtls_clientcert_header_name": null,
            "routing_http_request_x_amzn_mtls_clientcert_issuer_header_name": null,
            "routing_http_request_x_amzn_mtls_clientcert_leaf_header_name": null,
            "routing_http_request_x_amzn_mtls_clientcert_serial_number_header_name": null,
            "routing_http_request_x_amzn_mtls_clientcert_subject_header_name": null,
            "routing_http_request_x_amzn_mtls_clientcert_validity_header_name": null,
            "routing_http_request_x_amzn_tls_cipher_suite_header_name": null,
            "routing_http_request_x_amzn_tls_version_header_name": null,
            "routing_http_response_access_control_allow_credentials_header_value": "",
            "routing_http_response_access_control_allow_headers_header_value": "",
            "routing_http_response_access_control_allow_methods_header_value": "",
            "routing_http_response_access_control_allow_origin_header_value": "",
            "routing_http_response_access_control_expose_headers_header_value": "",
            "routing_http_response_access_control_max_age_header_value": "",
            "routing_http_response_content_security_policy_header_value": "",
            "routing_http_response_server_enabled": true,
            "routing_http_response_strict_transport_security_header_value": "",
            "routing_http_response_x_content_type_options_header_value": "",
            "routing_http_response_x_frame_options_header_value": "",
            "ssl_policy": "",
            "tags": {},
            "tags_all": {
              "Environment": "production",
              "ManagedBy": "terraform",
              "Project": "backend-vpc"
            },
            "tcp_idle_timeout_seconds": null,
            "timeouts": null
          },
          "sensitive_attributes": [],
          "private": "eyJlMmJmYjczMC1lY2FhLTExZTYtOGY4OC0zNDM2M2JjN2M0YzAiOnsiY3JlYXRlIjozMDAwMDAwMDAwMDAsInVwZGF0ZSI6MzAwMDAwMDAwMDAwfX0=",
          "dependencies": [
            "module.alb.aws_lb.main",
            "module.alb.aws_lb_target_group.main",
            "module.vpc.aws_eip.nat",
            "module.vpc.aws_internet_gateway.main",
            "module.vpc.aws_nat_gateway.main",
            "module.vpc.aws_route_table.private",
            "module.vpc.aws_route_table.trust",
            "module.vpc.aws_route_table_association.private",
            "module.vpc.aws_route_table_association.trust",
            "module.vpc.aws_security_group.alb",
            "module.vpc.aws_security_group.private",
            "module.vpc.aws_security_group.trust_db",
            "module.vpc.aws_subnet.private",
            "module.vpc.aws_subnet.trust",
            "module.vpc.aws_vpc.main"
          ]
        }
      ]
    },
    {
      "module": "module.alb",
      "mode": "managed",
      "type": "aws_lb_target_group",
      "name": "main",
      "provider": "provider[\"registry.terraform.io/hashicorp/aws\"]",
      "instances": [
        {
          "schema_version": 0,
          "attributes": {
            "arn": "arn:aws:elasticloadbalancing:ap-southeast-1:644789170005:targetgroup/backend-alb-tg/96e12b71170cb7aa",
            "arn_suffix": "targetgroup/backend-alb-tg/96e12b71170cb7aa",
            "connection_termination": null,
            "deregistration_delay": "300",
            "health_check": [
              {
                "enabled": true,
                "healthy_threshold": 2,
                "interval": 30,
                "matcher": "200",
                "path": "/",
                "port": "traffic-port",
                "protocol": "HTTP",
                "timeout": 5,
                "unhealthy_threshold": 2
              }
            ],
            "id": "arn:aws:elasticloadbalancing:ap-southeast-1:644789170005:targetgroup/backend-alb-tg/96e12b71170cb7aa",
            "ip_address_type": "ipv4",
            "lambda_multi_value_headers_enabled": false,
            "load_balancer_arns": [
              "arn:aws:elasticloadbalancing:ap-southeast-1:644789170005:loadbalancer/app/backend-alb/8c3dc20bda2ab026"
            ],
            "load_balancing_algorithm_type": "round_robin",
            "load_balancing_anomaly_mitigation": "off",
            "load_balancing_cross_zone_enabled": "use_load_balancer_configuration",
            "name": "backend-alb-tg",
            "name_prefix": "",
            "port": 80,
            "preserve_client_ip": null,
            "protocol": "HTTP",
            "protocol_version": "HTTP1",
            "proxy_protocol_v2": false,
            "slow_start": 0,
            "stickiness": [
              {
                "cookie_duration": 86400,
                "cookie_name": "",
                "enabled": false,
                "type": "lb_cookie"
              }
            ],
            "tags": {
              "Name": "backend-alb-tg"
            },
            "tags_all": {
              "Environment": "production",
              "ManagedBy": "terraform",
              "Name": "backend-alb-tg",
              "Project": "backend-vpc"
            },
            "target_failover": [
              {
                "on_deregistration": null,
                "on_unhealthy": null
              }
            ],
            "target_group_health": [
              {
                "dns_failover": [
                  {
                    "minimum_healthy_targets_count": "1",
                    "minimum_healthy_targets_percentage": "off"
                  }
                ],
                "unhealthy_state_routing": [
                  {
                    "minimum_healthy_targets_count": 1,
                    "minimum_healthy_targets_percentage": "off"
                  }
                ]
              }
            ],
            "target_health_state": [
              {
                "enable_unhealthy_connection_termination": null,
                "unhealthy_draining_interval": null
              }
            ],
            "target_type": "ip",
            "vpc_id": "vpc-038e1d46082a63150"
          },
          "sensitive_attributes": [],
          "private": "bnVsbA==",
          "dependencies": [
            "module.vpc.aws_eip.nat",
            "module.vpc.aws_internet_gateway.main",
            "module.vpc.aws_nat_gateway.main",
            "module.vpc.aws_route_table.private",
            "module.vpc.aws_route_table.trust",
            "module.vpc.aws_route_table_association.private",
            "module.vpc.aws_route_table_association.trust",
            "module.vpc.aws_security_group.alb",
            "module.vpc.aws_security_group.private",
            "module.vpc.aws_security_group.trust_db",
            "module.vpc.aws_subnet.private",
            "module.vpc.aws_subnet.trust",
            "module.vpc.aws_vpc.main"
          ]
        }
      ]
    },
    {
      "module": "module.aurora",
      "mode": "managed",
      "type": "aws_db_subnet_group",
      "name": "main",
      "provider": "provider[\"registry.terraform.io/hashicorp/aws\"]",
      "instances": [
        {
          "schema_version": 0,
          "attributes": {
            "arn": "arn:aws:rds:ap-southeast-1:644789170005:subgrp:app-aurora-subnet-group",
            "description": "Managed by Terraform",
            "id": "app-aurora-subnet-group",
            "name": "app-aurora-subnet-group",
            "name_prefix": "",
            "subnet_ids": [
              "subnet-01c3226ccc9730635",
              "subnet-0d693481d3f53f80b"
            ],
            "supported_network_types": [
              "IPV4"
            ],
            "tags": {
              "Name": "app-aurora-subnet-group"
            },
            "tags_all": {
              "Environment": "production",
              "ManagedBy": "terraform",
              "Name": "app-aurora-subnet-group",
              "Project": "backend-vpc"
            },
            "vpc_id": "vpc-038e1d46082a63150"
          },
          "sensitive_attributes": [],
          "private": "bnVsbA==",
          "dependencies": [
            "module.vpc.aws_eip.nat",
            "module.vpc.aws_internet_gateway.main",
            "module.vpc.aws_nat_gateway.main",
            "module.vpc.aws_route_table.private",
            "module.vpc.aws_route_table.trust",
            "module.vpc.aws_route_table_association.private",
            "module.vpc.aws_route_table_association.trust",
            "module.vpc.aws_security_group.alb",
            "module.vpc.aws_security_group.private",
            "module.vpc.aws_security_group.trust_db",
            "module.vpc.aws_subnet.private",
            "module.vpc.aws_subnet.trust",
            "module.vpc.aws_vpc.main"
          ]
        }
      ]
    },
    {
      "module": "module.aurora",
      "mode": "managed",
      "type": "aws_rds_cluster",
      "name": "main",
      "provider": "provider[\"registry.terraform.io/hashicorp/aws\"]",
      "instances": [
        {
          "schema_version": 1,
          "attributes": {
            "allocated_storage": 1,
            "allow_major_version_upgrade": null,
            "apply_immediately": null,
            "arn": "arn:aws:rds:ap-southeast-1:644789170005:cluster:app-aurora",
            "availability_zones": [
              "ap-southeast-1a",
              "ap-southeast-1b",
              "ap-southeast-1c"
            ],
            "backtrack_window": 0,
            "backup_retention_period": 1,
            "ca_certificate_identifier": null,
            "ca_certificate_valid_till": null,
            "cluster_identifier": "app-aurora",
            "cluster_identifier_prefix": "",
            "cluster_members": [
              "app-aurora-instance-1",
              "app-aurora-instance-2"
            ],
            "cluster_resource_id": "cluster-JSO7YZRB5T6XVM7TFMIVV6SVDI",
            "cluster_scalability_type": "",
            "copy_tags_to_snapshot": false,
            "database_insights_mode": "standard",
            "database_name": "appdb",
            "db_cluster_instance_class": "",
            "db_cluster_parameter_group_name": "default.aurora-postgresql15",
            "db_instance_parameter_group_name": null,
            "db_subnet_group_name": "app-aurora-subnet-group",
            "db_system_id": "",
            "delete_automated_backups": true,
            "deletion_protection": false,
            "domain": "",
            "domain_iam_role_name": "",
            "enable_global_write_forwarding": false,
            "enable_http_endpoint": false,
            "enable_local_write_forwarding": false,
            "enabled_cloudwatch_logs_exports": [],
            "endpoint": "app-aurora.cluster-cr0mqyio8js6.ap-southeast-1.rds.amazonaws.com",
            "engine": "aurora-postgresql",
            "engine_lifecycle_support": "open-source-rds-extended-support",
            "engine_mode": "provisioned",
            "engine_version": "15.4",
            "engine_version_actual": "15.4",
            "final_snapshot_identifier": null,
            "global_cluster_identifier": "",
            "hosted_zone_id": "Z2G0U3KFCY8NZ5",
            "iam_database_authentication_enabled": false,
            "iam_roles": [],
            "id": "app-aurora",
            "iops": 0,
            "kms_key_id": "",
            "manage_master_user_password": null,
            "master_password": "mypassword",
            "master_password_wo": null,
            "master_password_wo_version": null,
            "master_user_secret": [],
            "master_user_secret_kms_key_id": null,
            "master_username": "postgres",
            "monitoring_interval": 0,
            "monitoring_role_arn": "",
            "network_type": "IPV4",
            "performance_insights_enabled": false,
            "performance_insights_kms_key_id": "",
            "performance_insights_retention_period": 0,
            "port": 5432,
            "preferred_backup_window": "14:10-14:40",
            "preferred_maintenance_window": "sat:15:35-sat:16:05",
            "reader_endpoint": "app-aurora.cluster-ro-cr0mqyio8js6.ap-southeast-1.rds.amazonaws.com",
            "replication_source_identifier": "",
            "restore_to_point_in_time": [],
            "s3_import": [],
            "scaling_configuration": [],
            "serverlessv2_scaling_configuration": [],
            "skip_final_snapshot": true,
            "snapshot_identifier": null,
            "source_region": null,
            "storage_encrypted": false,
            "storage_type": "",
            "tags": {
              "Name": "app-aurora"
            },
            "tags_all": {
              "Environment": "production",
              "ManagedBy": "terraform",
              "Name": "app-aurora",
              "Project": "backend-vpc"
            },
            "timeouts": null,
            "vpc_security_group_ids": [
              "sg-0e5cfdd6743baddbc"
            ]
          },
          "sensitive_attributes": [
            [
              {
                "type": "get_attr",
                "value": "master_password_wo"
              }
            ],
            [
              {
                "type": "get_attr",
                "value": "master_password"
              }
            ]
          ],
          "private": "eyJlMmJmYjczMC1lY2FhLTExZTYtOGY4OC0zNDM2M2JjN2M0YzAiOnsiY3JlYXRlIjo3MjAwMDAwMDAwMDAwLCJkZWxldGUiOjcyMDAwMDAwMDAwMDAsInVwZGF0ZSI6NzIwMDAwMDAwMDAwMH0sInNjaGVtYV92ZXJzaW9uIjoiMSJ9",
          "dependencies": [
            "module.aurora.aws_db_subnet_group.main",
            "module.aurora.aws_security_group.main",
            "module.vpc.aws_eip.nat",
            "module.vpc.aws_internet_gateway.main",
            "module.vpc.aws_nat_gateway.main",
            "module.vpc.aws_route_table.private",
            "module.vpc.aws_route_table.trust",
            "module.vpc.aws_route_table_association.private",
            "module.vpc.aws_route_table_association.trust",
            "module.vpc.aws_security_group.alb",
            "module.vpc.aws_security_group.private",
            "module.vpc.aws_security_group.trust_db",
            "module.vpc.aws_subnet.private",
            "module.vpc.aws_subnet.trust",
            "module.vpc.aws_vpc.main"
          ]
        }
      ]
    },
    {
      "module": "module.aurora",
      "mode": "managed",
      "type": "aws_rds_cluster_instance",
      "name": "main",
      "provider": "provider[\"registry.terraform.io/hashicorp/aws\"]",
      "instances": [
        {
          "index_key": 0,
          "schema_version": 0,
          "attributes": {
            "apply_immediately": null,
            "arn": "arn:aws:rds:ap-southeast-1:644789170005:db:app-aurora-instance-1",
            "auto_minor_version_upgrade": true,
            "availability_zone": "ap-southeast-1c",
            "ca_cert_identifier": "rds-ca-rsa2048-g1",
            "cluster_identifier": "app-aurora",
            "copy_tags_to_snapshot": false,
            "custom_iam_instance_profile": "",
            "db_parameter_group_name": "default.aurora-postgresql15",
            "db_subnet_group_name": "app-aurora-subnet-group",
            "dbi_resource_id": "db-2DF2FKSD4KXLDIF6SZAE7GJUGM",
            "endpoint": "app-aurora-instance-1.cr0mqyio8js6.ap-southeast-1.rds.amazonaws.com",
            "engine": "aurora-postgresql",
            "engine_version": "15.4",
            "engine_version_actual": "15.4",
            "force_destroy": false,
            "id": "app-aurora-instance-1",
            "identifier": "app-aurora-instance-1",
            "identifier_prefix": "",
            "instance_class": "db.r6g.large",
            "kms_key_id": "",
            "monitoring_interval": 0,
            "monitoring_role_arn": "",
            "network_type": "IPV4",
            "performance_insights_enabled": false,
            "performance_insights_kms_key_id": "",
            "performance_insights_retention_period": 0,
            "port": 5432,
            "preferred_backup_window": "14:10-14:40",
            "preferred_maintenance_window": "sun:18:33-sun:19:03",
            "promotion_tier": 0,
            "publicly_accessible": false,
            "storage_encrypted": false,
            "tags": {
              "Name": "app-aurora-instance-1"
            },
            "tags_all": {
              "Environment": "production",
              "ManagedBy": "terraform",
              "Name": "app-aurora-instance-1",
              "Project": "backend-vpc"
            },
            "timeouts": null,
            "writer": true
          },
          "sensitive_attributes": [],
          "private": "eyJlMmJmYjczMC1lY2FhLTExZTYtOGY4OC0zNDM2M2JjN2M0YzAiOnsiY3JlYXRlIjo1NDAwMDAwMDAwMDAwLCJkZWxldGUiOjU0MDAwMDAwMDAwMDAsInVwZGF0ZSI6NTQwMDAwMDAwMDAwMH19",
          "dependencies": [
            "module.aurora.aws_db_subnet_group.main",
            "module.aurora.aws_rds_cluster.main",
            "module.aurora.aws_security_group.main",
            "module.vpc.aws_eip.nat",
            "module.vpc.aws_internet_gateway.main",
            "module.vpc.aws_nat_gateway.main",
            "module.vpc.aws_route_table.private",
            "module.vpc.aws_route_table.trust",
            "module.vpc.aws_route_table_association.private",
            "module.vpc.aws_route_table_association.trust",
            "module.vpc.aws_security_group.alb",
            "module.vpc.aws_security_group.private",
            "module.vpc.aws_security_group.trust_db",
            "module.vpc.aws_subnet.private",
            "module.vpc.aws_subnet.trust",
            "module.vpc.aws_vpc.main"
          ]
        },
        {
          "index_key": 1,
          "schema_version": 0,
          "attributes": {
            "apply_immediately": null,
            "arn": "arn:aws:rds:ap-southeast-1:644789170005:db:app-aurora-instance-2",
            "auto_minor_version_upgrade": true,
            "availability_zone": "ap-southeast-1b",
            "ca_cert_identifier": "rds-ca-rsa2048-g1",
            "cluster_identifier": "app-aurora",
            "copy_tags_to_snapshot": false,
            "custom_iam_instance_profile": "",
            "db_parameter_group_name": "default.aurora-postgresql15",
            "db_subnet_group_name": "app-aurora-subnet-group",
            "dbi_resource_id": "db-FIGRJE2KODH22PRN7PQEYBSJM4",
            "endpoint": "app-aurora-instance-2.cr0mqyio8js6.ap-southeast-1.rds.amazonaws.com",
            "engine": "aurora-postgresql",
            "engine_version": "15.4",
            "engine_version_actual": "15.4",
            "force_destroy": false,
            "id": "app-aurora-instance-2",
            "identifier": "app-aurora-instance-2",
            "identifier_prefix": "",
            "instance_class": "db.r6g.large",
            "kms_key_id": "",
            "monitoring_interval": 0,
            "monitoring_role_arn": "",
            "network_type": "IPV4",
            "performance_insights_enabled": false,
            "performance_insights_kms_key_id": "",
            "performance_insights_retention_period": 0,
            "port": 5432,
            "preferred_backup_window": "14:10-14:40",
            "preferred_maintenance_window": "mon:18:40-mon:19:10",
            "promotion_tier": 0,
            "publicly_accessible": false,
            "storage_encrypted": false,
            "tags": {
              "Name": "app-aurora-instance-2"
            },
            "tags_all": {
              "Environment": "production",
              "ManagedBy": "terraform",
              "Name": "app-aurora-instance-2",
              "Project": "backend-vpc"
            },
            "timeouts": null,
            "writer": false
          },
          "sensitive_attributes": [],
          "private": "eyJlMmJmYjczMC1lY2FhLTExZTYtOGY4OC0zNDM2M2JjN2M0YzAiOnsiY3JlYXRlIjo1NDAwMDAwMDAwMDAwLCJkZWxldGUiOjU0MDAwMDAwMDAwMDAsInVwZGF0ZSI6NTQwMDAwMDAwMDAwMH19",
          "dependencies": [
            "module.aurora.aws_db_subnet_group.main",
            "module.aurora.aws_rds_cluster.main",
            "module.aurora.aws_security_group.main",
            "module.vpc.aws_eip.nat",
            "module.vpc.aws_internet_gateway.main",
            "module.vpc.aws_nat_gateway.main",
            "module.vpc.aws_route_table.private",
            "module.vpc.aws_route_table.trust",
            "module.vpc.aws_route_table_association.private",
            "module.vpc.aws_route_table_association.trust",
            "module.vpc.aws_security_group.alb",
            "module.vpc.aws_security_group.private",
            "module.vpc.aws_security_group.trust_db",
            "module.vpc.aws_subnet.private",
            "module.vpc.aws_subnet.trust",
            "module.vpc.aws_vpc.main"
          ]
        }
      ]
    },
    {
      "module": "module.aurora",
      "mode": "managed",
      "type": "aws_security_group",
      "name": "main",
      "provider": "provider[\"registry.terraform.io/hashicorp/aws\"]",
      "instances": [
        {
          "schema_version": 1,
          "attributes": {
            "arn": "arn:aws:ec2:ap-southeast-1:644789170005:security-group/sg-0e5cfdd6743baddbc",
            "description": "Security group for Aurora cluster",
            "egress": [
              {
                "cidr_blocks": [
                  "0.0.0.0/0"
                ],
                "description": "",
                "from_port": 0,
                "ipv6_cidr_blocks": [],
                "prefix_list_ids": [],
                "protocol": "-1",
                "security_groups": [],
                "self": false,
                "to_port": 0
              }
            ],
            "id": "sg-0e5cfdd6743baddbc",
            "ingress": [
              {
                "cidr_blocks": [],
                "description": "PostgreSQL from private subnets",
                "from_port": 5432,
                "ipv6_cidr_blocks": [],
                "prefix_list_ids": [],
                "protocol": "tcp",
                "security_groups": [
                  "sg-0e45e66bd160ea371"
                ],
                "self": false,
                "to_port": 5432
              }
            ],
            "name": "app-aurora-sg",
            "name_prefix": "",
            "owner_id": "644789170005",
            "revoke_rules_on_delete": false,
            "tags": {
              "Name": "app-aurora-sg"
            },
            "tags_all": {
              "Environment": "production",
              "ManagedBy": "terraform",
              "Name": "app-aurora-sg",
              "Project": "backend-vpc"
            },
            "timeouts": null,
            "vpc_id": "vpc-038e1d46082a63150"
          },
          "sensitive_attributes": [],
          "private": "eyJlMmJmYjczMC1lY2FhLTExZTYtOGY4OC0zNDM2M2JjN2M0YzAiOnsiY3JlYXRlIjo2MDAwMDAwMDAwMDAsImRlbGV0ZSI6OTAwMDAwMDAwMDAwfSwic2NoZW1hX3ZlcnNpb24iOiIxIn0=",
          "dependencies": [
            "module.vpc.aws_eip.nat",
            "module.vpc.aws_internet_gateway.main",
            "module.vpc.aws_nat_gateway.main",
            "module.vpc.aws_route_table.private",
            "module.vpc.aws_route_table.trust",
            "module.vpc.aws_route_table_association.private",
            "module.vpc.aws_route_table_association.trust",
            "module.vpc.aws_security_group.alb",
            "module.vpc.aws_security_group.private",
            "module.vpc.aws_security_group.trust_db",
            "module.vpc.aws_subnet.private",
            "module.vpc.aws_subnet.trust",
            "module.vpc.aws_vpc.main"
          ]
        }
      ]
    },
    {
      "module": "module.backend",
      "mode": "managed",
      "type": "aws_cloudwatch_log_group",
      "name": "main",
      "provider": "provider[\"registry.terraform.io/hashicorp/aws\"]",
      "instances": [
        {
          "schema_version": 0,
          "attributes": {
            "arn": "arn:aws:logs:ap-southeast-1:644789170005:log-group:/ecs/backend-cluster",
            "id": "/ecs/backend-cluster",
            "kms_key_id": "",
            "log_group_class": "STANDARD",
            "name": "/ecs/backend-cluster",
            "name_prefix": "",
            "retention_in_days": 7,
            "skip_destroy": false,
            "tags": {
              "Name": "backend-cluster-logs"
            },
            "tags_all": {
              "Environment": "production",
              "ManagedBy": "terraform",
              "Name": "backend-cluster-logs",
              "Project": "backend-vpc"
            }
          },
          "sensitive_attributes": [],
          "private": "bnVsbA==",
          "dependencies": [
            "module.alb.aws_lb.main",
            "module.alb.aws_lb_listener.main",
            "module.alb.aws_lb_target_group.main",
            "module.aurora.aws_db_subnet_group.main",
            "module.aurora.aws_rds_cluster.main",
            "module.aurora.aws_rds_cluster_instance.main",
            "module.aurora.aws_security_group.main",
            "module.vpc.aws_eip.nat",
            "module.vpc.aws_internet_gateway.main",
            "module.vpc.aws_nat_gateway.main",
            "module.vpc.aws_route_table.private",
            "module.vpc.aws_route_table.trust",
            "module.vpc.aws_route_table_association.private",
            "module.vpc.aws_route_table_association.trust",
            "module.vpc.aws_security_group.alb",
            "module.vpc.aws_security_group.private",
            "module.vpc.aws_security_group.trust_db",
            "module.vpc.aws_subnet.private",
            "module.vpc.aws_subnet.trust",
            "module.vpc.aws_vpc.main"
          ]
        }
      ]
    },
    {
      "module": "module.backend",
      "mode": "managed",
      "type": "aws_ecs_cluster",
      "name": "main",
      "provider": "provider[\"registry.terraform.io/hashicorp/aws\"]",
      "instances": [
        {
          "schema_version": 0,
          "attributes": {
            "arn": "arn:aws:ecs:ap-southeast-1:644789170005:cluster/backend-cluster",
            "configuration": [],
            "id": "arn:aws:ecs:ap-southeast-1:644789170005:cluster/backend-cluster",
            "name": "backend-cluster",
            "service_connect_defaults": [],
            "setting": [
              {
                "name": "containerInsights",
                "value": "enabled"
              }
            ],
            "tags": {
              "Name": "backend-cluster"
            },
            "tags_all": {
              "Environment": "production",
              "ManagedBy": "terraform",
              "Name": "backend-cluster",
              "Project": "backend-vpc"
            }
          },
          "sensitive_attributes": [],
          "private": "bnVsbA==",
          "dependencies": [
            "module.alb.aws_lb.main",
            "module.alb.aws_lb_listener.main",
            "module.alb.aws_lb_target_group.main",
            "module.aurora.aws_db_subnet_group.main",
            "module.aurora.aws_rds_cluster.main",
            "module.aurora.aws_rds_cluster_instance.main",
            "module.aurora.aws_security_group.main",
            "module.vpc.aws_eip.nat",
            "module.vpc.aws_internet_gateway.main",
            "module.vpc.aws_nat_gateway.main",
            "module.vpc.aws_route_table.private",
            "module.vpc.aws_route_table.trust",
            "module.vpc.aws_route_table_association.private",
            "module.vpc.aws_route_table_association.trust",
            "module.vpc.aws_security_group.alb",
            "module.vpc.aws_security_group.private",
            "module.vpc.aws_security_group.trust_db",
            "module.vpc.aws_subnet.private",
            "module.vpc.aws_subnet.trust",
            "module.vpc.aws_vpc.main"
          ]
        }
      ]
    },
    {
      "module": "module.backend",
      "mode": "managed",
      "type": "aws_ecs_service",
      "name": "main",
      "provider": "provider[\"registry.terraform.io/hashicorp/aws\"]",
      "instances": [
        {
          "schema_version": 1,
          "attributes": {
            "alarms": [],
            "availability_zone_rebalancing": "DISABLED",
            "capacity_provider_strategy": [],
            "cluster": "arn:aws:ecs:ap-southeast-1:644789170005:cluster/backend-cluster",
            "deployment_circuit_breaker": [
              {
                "enable": false,
                "rollback": false
              }
            ],
            "deployment_controller": [
              {
                "type": "ECS"
              }
            ],
            "deployment_maximum_percent": 200,
            "deployment_minimum_healthy_percent": 100,
            "desired_count": 2,
            "enable_ecs_managed_tags": false,
            "enable_execute_command": false,
            "force_delete": null,
            "force_new_deployment": null,
            "health_check_grace_period_seconds": 0,
            "iam_role": "/aws-service-role/ecs.amazonaws.com/AWSServiceRoleForECS",
            "id": "arn:aws:ecs:ap-southeast-1:644789170005:service/backend-cluster/backend-cluster-service",
            "launch_type": "FARGATE",
            "load_balancer": [
              {
                "container_name": "backend",
                "container_port": 8080,
                "elb_name": "",
                "target_group_arn": "arn:aws:elasticloadbalancing:ap-southeast-1:644789170005:targetgroup/backend-alb-tg/96e12b71170cb7aa"
              }
            ],
            "name": "backend-cluster-service",
            "network_configuration": [
              {
                "assign_public_ip": false,
                "security_groups": [
                  "sg-0e45e66bd160ea371"
                ],
                "subnets": [
                  "subnet-0019fc4d8b86ddbdc"
                ]
              }
            ],
            "ordered_placement_strategy": [],
            "placement_constraints": [],
            "platform_version": "LATEST",
            "propagate_tags": "NONE",
            "scheduling_strategy": "REPLICA",
            "service_connect_configuration": [],
            "service_registries": [],
            "tags": {
              "Name": "backend-cluster-service"
            },
            "tags_all": {
              "Environment": "production",
              "ManagedBy": "terraform",
              "Name": "backend-cluster-service",
              "Project": "backend-vpc"
            },
            "task_definition": "arn:aws:ecs:ap-southeast-1:644789170005:task-definition/backend-cluster-task:10",
            "timeouts": null,
            "triggers": {},
            "volume_configuration": [],
            "vpc_lattice_configurations": [],
            "wait_for_steady_state": false
          },
          "sensitive_attributes": [],
          "private": "eyJlMmJmYjczMC1lY2FhLTExZTYtOGY4OC0zNDM2M2JjN2M0YzAiOnsiY3JlYXRlIjoxMjAwMDAwMDAwMDAwLCJkZWxldGUiOjEyMDAwMDAwMDAwMDAsInVwZGF0ZSI6MTIwMDAwMDAwMDAwMH0sInNjaGVtYV92ZXJzaW9uIjoiMSJ9",
          "dependencies": [
            "module.alb.aws_lb.main",
            "module.alb.aws_lb_listener.main",
            "module.alb.aws_lb_target_group.main",
            "module.aurora.aws_db_subnet_group.main",
            "module.aurora.aws_rds_cluster.main",
            "module.aurora.aws_rds_cluster_instance.main",
            "module.aurora.aws_security_group.main",
            "module.backend.aws_cloudwatch_log_group.main",
            "module.backend.aws_ecs_cluster.main",
            "module.backend.aws_ecs_task_definition.main",
            "module.backend.aws_iam_role.ecs_execution_role",
            "module.backend.aws_iam_role.ecs_task_role",
            "module.redis.aws_elasticache_cluster.main",
            "module.redis.aws_elasticache_parameter_group.main",
            "module.redis.aws_elasticache_subnet_group.main",
            "module.redis.aws_security_group.main",
            "module.vpc.aws_eip.nat",
            "module.vpc.aws_internet_gateway.main",
            "module.vpc.aws_nat_gateway.main",
            "module.vpc.aws_route_table.private",
            "module.vpc.aws_route_table.trust",
            "module.vpc.aws_route_table_association.private",
            "module.vpc.aws_route_table_association.trust",
            "module.vpc.aws_security_group.alb",
            "module.vpc.aws_security_group.private",
            "module.vpc.aws_security_group.trust_db",
            "module.vpc.aws_subnet.private",
            "module.vpc.aws_subnet.trust",
            "module.vpc.aws_vpc.main"
          ]
        }
      ]
    },
    {
      "module": "module.backend",
      "mode": "managed",
      "type": "aws_ecs_task_definition",
      "name": "main",
      "provider": "provider[\"registry.terraform.io/hashicorp/aws\"]",
      "instances": [
        {
          "schema_version": 1,
          "attributes": {
            "arn": "arn:aws:ecs:ap-southeast-1:644789170005:task-definition/backend-cluster-task:10",
            "arn_without_revision": "arn:aws:ecs:ap-southeast-1:644789170005:task-definition/backend-cluster-task",
            "container_definitions": "[{\"environment\":[{\"name\":\"DB_HOST\",\"value\":\"app-aurora.cluster-cr0mqyio8js6.ap-southeast-1.rds.amazonaws.com\"},{\"name\":\"DB_NAME\",\"value\":\"appdb\"},{\"name\":\"DB_PASSWORD\",\"value\":\"mypassword\"},{\"name\":\"DB_PORT\",\"value\":\"5432\"},{\"name\":\"DB_USER\",\"value\":\"postgres\"},{\"name\":\"REDIS_HOST\",\"value\":\"redis.xsrjym.0001.apse1.cache.amazonaws.com\"},{\"name\":\"REDIS_PORT\",\"value\":\"6379\"}],\"essential\":true,\"image\":\"sivuch/go-test-db:v1.1.0\",\"logConfiguration\":{\"logDriver\":\"awslogs\",\"options\":{\"awslogs-region\":\"ap-southeast-1\",\"awslogs-stream-prefix\":\"backend\",\"awslogs-group\":\"/ecs/backend-cluster\"}},\"mountPoints\":[],\"name\":\"backend\",\"portMappings\":[{\"containerPort\":8080,\"hostPort\":8080,\"protocol\":\"tcp\"}],\"systemControls\":[],\"volumesFrom\":[]}]",
            "cpu": "512",
            "enable_fault_injection": false,
            "ephemeral_storage": [],
            "execution_role_arn": "arn:aws:iam::644789170005:role/backend-cluster-execution-role",
            "family": "backend-cluster-task",
            "id": "backend-cluster-task",
            "inference_accelerator": [],
            "ipc_mode": "",
            "memory": "1024",
            "network_mode": "awsvpc",
            "pid_mode": "",
            "placement_constraints": [],
            "proxy_configuration": [],
            "requires_compatibilities": [
              "FARGATE"
            ],
            "revision": 10,
            "runtime_platform": [],
            "skip_destroy": false,
            "tags": {
              "Name": "backend-cluster-task"
            },
            "tags_all": {
              "Environment": "production",
              "ManagedBy": "terraform",
              "Name": "backend-cluster-task",
              "Project": "backend-vpc"
            },
            "task_role_arn": "arn:aws:iam::644789170005:role/backend-cluster-task-role",
            "track_latest": false,
            "volume": []
          },
          "sensitive_attributes": [
            [
              {
                "type": "get_attr",
                "value": "container_definitions"
              }
            ]
          ],
          "private": "eyJzY2hlbWFfdmVyc2lvbiI6IjEifQ==",
          "dependencies": [
            "module.alb.aws_lb.main",
            "module.alb.aws_lb_listener.main",
            "module.alb.aws_lb_target_group.main",
            "module.aurora.aws_db_subnet_group.main",
            "module.aurora.aws_rds_cluster.main",
            "module.aurora.aws_rds_cluster_instance.main",
            "module.aurora.aws_security_group.main",
            "module.backend.aws_cloudwatch_log_group.main",
            "module.backend.aws_iam_role.ecs_execution_role",
            "module.backend.aws_iam_role.ecs_task_role",
            "module.redis.aws_elasticache_cluster.main",
            "module.redis.aws_elasticache_parameter_group.main",
            "module.redis.aws_elasticache_subnet_group.main",
            "module.redis.aws_security_group.main",
            "module.vpc.aws_eip.nat",
            "module.vpc.aws_internet_gateway.main",
            "module.vpc.aws_nat_gateway.main",
            "module.vpc.aws_route_table.private",
            "module.vpc.aws_route_table.trust",
            "module.vpc.aws_route_table_association.private",
            "module.vpc.aws_route_table_association.trust",
            "module.vpc.aws_security_group.alb",
            "module.vpc.aws_security_group.private",
            "module.vpc.aws_security_group.trust_db",
            "module.vpc.aws_subnet.private",
            "module.vpc.aws_subnet.trust",
            "module.vpc.aws_vpc.main"
          ]
        }
      ]
    },
    {
      "module": "module.backend",
      "mode": "managed",
      "type": "aws_iam_role",
      "name": "ecs_execution_role",
      "provider": "provider[\"registry.terraform.io/hashicorp/aws\"]",
      "instances": [
        {
          "schema_version": 0,
          "attributes": {
            "arn": "arn:aws:iam::644789170005:role/backend-cluster-execution-role",
            "assume_role_policy": "{\"Statement\":[{\"Action\":\"sts:AssumeRole\",\"Effect\":\"Allow\",\"Principal\":{\"Service\":\"ecs-tasks.amazonaws.com\"}}],\"Version\":\"2012-10-17\"}",
            "create_date": "2025-07-20T10:32:30Z",
            "description": "",
            "force_detach_policies": false,
            "id": "backend-cluster-execution-role",
            "inline_policy": [],
            "managed_policy_arns": [
              "arn:aws:iam::aws:policy/service-role/AmazonECSTaskExecutionRolePolicy"
            ],
            "max_session_duration": 3600,
            "name": "backend-cluster-execution-role",
            "name_prefix": "",
            "path": "/",
            "permissions_boundary": "",
            "tags": {},
            "tags_all": {
              "Environment": "production",
              "ManagedBy": "terraform",
              "Project": "backend-vpc"
            },
            "unique_id": "AROAZMIDN55K6AAVWTVSF"
          },
          "sensitive_attributes": [],
          "private": "bnVsbA==",
          "dependencies": [
            "module.alb.aws_lb.main",
            "module.alb.aws_lb_listener.main",
            "module.alb.aws_lb_target_group.main",
            "module.aurora.aws_db_subnet_group.main",
            "module.aurora.aws_rds_cluster.main",
            "module.aurora.aws_rds_cluster_instance.main",
            "module.aurora.aws_security_group.main",
            "module.vpc.aws_eip.nat",
            "module.vpc.aws_internet_gateway.main",
            "module.vpc.aws_nat_gateway.main",
            "module.vpc.aws_route_table.private",
            "module.vpc.aws_route_table.trust",
            "module.vpc.aws_route_table_association.private",
            "module.vpc.aws_route_table_association.trust",
            "module.vpc.aws_security_group.alb",
            "module.vpc.aws_security_group.private",
            "module.vpc.aws_security_group.trust_db",
            "module.vpc.aws_subnet.private",
            "module.vpc.aws_subnet.trust",
            "module.vpc.aws_vpc.main"
          ]
        }
      ]
    },
    {
      "module": "module.backend",
      "mode": "managed",
      "type": "aws_iam_role",
      "name": "ecs_task_role",
      "provider": "provider[\"registry.terraform.io/hashicorp/aws\"]",
      "instances": [
        {
          "schema_version": 0,
          "attributes": {
            "arn": "arn:aws:iam::644789170005:role/backend-cluster-task-role",
            "assume_role_policy": "{\"Statement\":[{\"Action\":\"sts:AssumeRole\",\"Effect\":\"Allow\",\"Principal\":{\"Service\":\"ecs-tasks.amazonaws.com\"}}],\"Version\":\"2012-10-17\"}",
            "create_date": "2025-07-20T10:32:30Z",
            "description": "",
            "force_detach_policies": false,
            "id": "backend-cluster-task-role",
            "inline_policy": [],
            "managed_policy_arns": [],
            "max_session_duration": 3600,
            "name": "backend-cluster-task-role",
            "name_prefix": "",
            "path": "/",
            "permissions_boundary": "",
            "tags": {},
            "tags_all": {
              "Environment": "production",
              "ManagedBy": "terraform",
              "Project": "backend-vpc"
            },
            "unique_id": "AROAZMIDN55KW52LXBCI7"
          },
          "sensitive_attributes": [],
          "private": "bnVsbA==",
          "dependencies": [
            "module.alb.aws_lb.main",
            "module.alb.aws_lb_listener.main",
            "module.alb.aws_lb_target_group.main",
            "module.aurora.aws_db_subnet_group.main",
            "module.aurora.aws_rds_cluster.main",
            "module.aurora.aws_rds_cluster_instance.main",
            "module.aurora.aws_security_group.main",
            "module.vpc.aws_eip.nat",
            "module.vpc.aws_internet_gateway.main",
            "module.vpc.aws_nat_gateway.main",
            "module.vpc.aws_route_table.private",
            "module.vpc.aws_route_table.trust",
            "module.vpc.aws_route_table_association.private",
            "module.vpc.aws_route_table_association.trust",
            "module.vpc.aws_security_group.alb",
            "module.vpc.aws_security_group.private",
            "module.vpc.aws_security_group.trust_db",
            "module.vpc.aws_subnet.private",
            "module.vpc.aws_subnet.trust",
            "module.vpc.aws_vpc.main"
          ]
        }
      ]
    },
    {
      "module": "module.backend",
      "mode": "managed",
      "type": "aws_iam_role_policy_attachment",
      "name": "ecs_execution_role_policy",
      "provider": "provider[\"registry.terraform.io/hashicorp/aws\"]",
      "instances": [
        {
          "schema_version": 0,
          "attributes": {
            "id": "backend-cluster-execution-role-20250720103231888700000008",
            "policy_arn": "arn:aws:iam::aws:policy/service-role/AmazonECSTaskExecutionRolePolicy",
            "role": "backend-cluster-execution-role"
          },
          "sensitive_attributes": [],
          "private": "bnVsbA==",
          "dependencies": [
            "module.alb.aws_lb.main",
            "module.alb.aws_lb_listener.main",
            "module.alb.aws_lb_target_group.main",
            "module.aurora.aws_db_subnet_group.main",
            "module.aurora.aws_rds_cluster.main",
            "module.aurora.aws_rds_cluster_instance.main",
            "module.aurora.aws_security_group.main",
            "module.backend.aws_iam_role.ecs_execution_role",
            "module.vpc.aws_eip.nat",
            "module.vpc.aws_internet_gateway.main",
            "module.vpc.aws_nat_gateway.main",
            "module.vpc.aws_route_table.private",
            "module.vpc.aws_route_table.trust",
            "module.vpc.aws_route_table_association.private",
            "module.vpc.aws_route_table_association.trust",
            "module.vpc.aws_security_group.alb",
            "module.vpc.aws_security_group.private",
            "module.vpc.aws_security_group.trust_db",
            "module.vpc.aws_subnet.private",
            "module.vpc.aws_subnet.trust",
            "module.vpc.aws_vpc.main"
          ]
        }
      ]
    },
    {
      "module": "module.ecr",
      "mode": "managed",
      "type": "aws_ecr_repository",
      "name": "kong",
      "provider": "provider[\"registry.terraform.io/hashicorp/aws\"]",
      "instances": [
        {
          "schema_version": 0,
          "attributes": {
            "arn": "arn:aws:ecr:ap-southeast-1:644789170005:repository/kong",
            "encryption_configuration": [
              {
                "encryption_type": "AES256",
                "kms_key": ""
              }
            ],
            "force_delete": null,
            "id": "kong",
            "image_scanning_configuration": [
              {
                "scan_on_push": true
              }
            ],
            "image_tag_mutability": "MUTABLE",
            "name": "kong",
            "registry_id": "644789170005",
            "repository_url": "644789170005.dkr.ecr.ap-southeast-1.amazonaws.com/kong",
            "tags": {
              "Name": "kong-repository"
            },
            "tags_all": {
              "Environment": "production",
              "ManagedBy": "terraform",
              "Name": "kong-repository",
              "Project": "backend-vpc"
            },
            "timeouts": null
          },
          "sensitive_attributes": [],
          "private": "eyJlMmJmYjczMC1lY2FhLTExZTYtOGY4OC0zNDM2M2JjN2M0YzAiOnsiZGVsZXRlIjoxMjAwMDAwMDAwMDAwfX0="
        }
      ]
    },
    {
      "module": "module.kong",
      "mode": "managed",
      "type": "aws_cloudwatch_log_group",
      "name": "main",
      "provider": "provider[\"registry.terraform.io/hashicorp/aws\"]",
      "instances": [
        {
          "schema_version": 0,
          "attributes": {
            "arn": "arn:aws:logs:ap-southeast-1:644789170005:log-group:/ecs/kong-cluster",
            "id": "/ecs/kong-cluster",
            "kms_key_id": "",
            "log_group_class": "STANDARD",
            "name": "/ecs/kong-cluster",
            "name_prefix": "",
            "retention_in_days": 7,
            "skip_destroy": false,
            "tags": {
              "Name": "kong-cluster-logs"
            },
            "tags_all": {
              "Environment": "production",
              "ManagedBy": "terraform",
              "Name": "kong-cluster-logs",
              "Project": "backend-vpc"
            }
          },
          "sensitive_attributes": [],
          "private": "bnVsbA==",
          "dependencies": [
            "module.alb.aws_lb.main",
            "module.alb.aws_lb_listener.main",
            "module.alb.aws_lb_target_group.main",
            "module.ecr.aws_ecr_repository.kong",
            "module.kong_db.aws_db_instance.main",
            "module.kong_db.aws_db_subnet_group.main",
            "module.kong_db.aws_security_group.main",
            "module.vpc.aws_eip.nat",
            "module.vpc.aws_internet_gateway.main",
            "module.vpc.aws_nat_gateway.main",
            "module.vpc.aws_route_table.private",
            "module.vpc.aws_route_table.trust",
            "module.vpc.aws_route_table_association.private",
            "module.vpc.aws_route_table_association.trust",
            "module.vpc.aws_security_group.alb",
            "module.vpc.aws_security_group.private",
            "module.vpc.aws_security_group.trust_db",
            "module.vpc.aws_subnet.private",
            "module.vpc.aws_subnet.trust",
            "module.vpc.aws_vpc.main"
          ]
        }
      ]
    },
    {
      "module": "module.kong",
      "mode": "managed",
      "type": "aws_ecs_cluster",
      "name": "main",
      "provider": "provider[\"registry.terraform.io/hashicorp/aws\"]",
      "instances": [
        {
          "schema_version": 0,
          "attributes": {
            "arn": "arn:aws:ecs:ap-southeast-1:644789170005:cluster/kong-cluster",
            "configuration": [],
            "id": "arn:aws:ecs:ap-southeast-1:644789170005:cluster/kong-cluster",
            "name": "kong-cluster",
            "service_connect_defaults": [],
            "setting": [
              {
                "name": "containerInsights",
                "value": "enabled"
              }
            ],
            "tags": {
              "Name": "kong-cluster"
            },
            "tags_all": {
              "Environment": "production",
              "ManagedBy": "terraform",
              "Name": "kong-cluster",
              "Project": "backend-vpc"
            }
          },
          "sensitive_attributes": [],
          "private": "bnVsbA==",
          "dependencies": [
            "module.alb.aws_lb.main",
            "module.alb.aws_lb_listener.main",
            "module.alb.aws_lb_target_group.main",
            "module.ecr.aws_ecr_repository.kong",
            "module.kong_db.aws_db_instance.main",
            "module.kong_db.aws_db_subnet_group.main",
            "module.kong_db.aws_security_group.main",
            "module.vpc.aws_eip.nat",
            "module.vpc.aws_internet_gateway.main",
            "module.vpc.aws_nat_gateway.main",
            "module.vpc.aws_route_table.private",
            "module.vpc.aws_route_table.trust",
            "module.vpc.aws_route_table_association.private",
            "module.vpc.aws_route_table_association.trust",
            "module.vpc.aws_security_group.alb",
            "module.vpc.aws_security_group.private",
            "module.vpc.aws_security_group.trust_db",
            "module.vpc.aws_subnet.private",
            "module.vpc.aws_subnet.trust",
            "module.vpc.aws_vpc.main"
          ]
        }
      ]
    },
    {
      "module": "module.kong",
      "mode": "managed",
      "type": "aws_ecs_service",
      "name": "main",
      "provider": "provider[\"registry.terraform.io/hashicorp/aws\"]",
      "instances": [
        {
          "schema_version": 1,
          "attributes": {
            "alarms": [],
            "availability_zone_rebalancing": "DISABLED",
            "capacity_provider_strategy": [],
            "cluster": "arn:aws:ecs:ap-southeast-1:644789170005:cluster/kong-cluster",
            "deployment_circuit_breaker": [
              {
                "enable": false,
                "rollback": false
              }
            ],
            "deployment_controller": [
              {
                "type": "ECS"
              }
            ],
            "deployment_maximum_percent": 200,
            "deployment_minimum_healthy_percent": 100,
            "desired_count": 1,
            "enable_ecs_managed_tags": false,
            "enable_execute_command": false,
            "force_delete": null,
            "force_new_deployment": null,
            "health_check_grace_period_seconds": 0,
            "iam_role": "/aws-service-role/ecs.amazonaws.com/AWSServiceRoleForECS",
            "id": "arn:aws:ecs:ap-southeast-1:644789170005:service/kong-cluster/kong-cluster-service",
            "launch_type": "FARGATE",
            "load_balancer": [
              {
                "container_name": "kong",
                "container_port": 8000,
                "elb_name": "",
                "target_group_arn": "arn:aws:elasticloadbalancing:ap-southeast-1:644789170005:targetgroup/backend-alb-tg/96e12b71170cb7aa"
              }
            ],
            "name": "kong-cluster-service",
            "network_configuration": [
              {
                "assign_public_ip": false,
                "security_groups": [
                  "sg-0e45e66bd160ea371"
                ],
                "subnets": [
                  "subnet-0019fc4d8b86ddbdc"
                ]
              }
            ],
            "ordered_placement_strategy": [],
            "placement_constraints": [],
            "platform_version": "LATEST",
            "propagate_tags": "NONE",
            "scheduling_strategy": "REPLICA",
            "service_connect_configuration": [],
            "service_registries": [],
            "tags": {
              "Name": "kong-cluster-service"
            },
            "tags_all": {
              "Environment": "production",
              "ManagedBy": "terraform",
              "Name": "kong-cluster-service",
              "Project": "backend-vpc"
            },
            "task_definition": "arn:aws:ecs:ap-southeast-1:644789170005:task-definition/kong-cluster-task:17",
            "timeouts": null,
            "triggers": {},
            "volume_configuration": [],
            "vpc_lattice_configurations": [],
            "wait_for_steady_state": false
          },
          "sensitive_attributes": [],
          "private": "eyJlMmJmYjczMC1lY2FhLTExZTYtOGY4OC0zNDM2M2JjN2M0YzAiOnsiY3JlYXRlIjoxMjAwMDAwMDAwMDAwLCJkZWxldGUiOjEyMDAwMDAwMDAwMDAsInVwZGF0ZSI6MTIwMDAwMDAwMDAwMH0sInNjaGVtYV92ZXJzaW9uIjoiMSJ9",
          "dependencies": [
            "module.alb.aws_lb.main",
            "module.alb.aws_lb_listener.main",
            "module.alb.aws_lb_target_group.main",
            "module.ecr.aws_ecr_repository.kong",
            "module.kong.aws_cloudwatch_log_group.main",
            "module.kong.aws_ecs_cluster.main",
            "module.kong.aws_ecs_task_definition.main",
            "module.kong.aws_iam_role.ecs_execution_role",
            "module.kong.aws_iam_role.ecs_task_role",
            "module.kong_db.aws_db_instance.main",
            "module.kong_db.aws_db_subnet_group.main",
            "module.kong_db.aws_security_group.main",
            "module.vpc.aws_eip.nat",
            "module.vpc.aws_internet_gateway.main",
            "module.vpc.aws_nat_gateway.main",
            "module.vpc.aws_route_table.private",
            "module.vpc.aws_route_table.trust",
            "module.vpc.aws_route_table_association.private",
            "module.vpc.aws_route_table_association.trust",
            "module.vpc.aws_security_group.alb",
            "module.vpc.aws_security_group.private",
            "module.vpc.aws_security_group.trust_db",
            "module.vpc.aws_subnet.private",
            "module.vpc.aws_subnet.trust",
            "module.vpc.aws_vpc.main"
          ]
        }
      ]
    },
    {
      "module": "module.kong",
      "mode": "managed",
      "type": "aws_ecs_task_definition",
      "name": "main",
      "provider": "provider[\"registry.terraform.io/hashicorp/aws\"]",
      "instances": [
        {
          "schema_version": 1,
          "attributes": {
            "arn": "arn:aws:ecs:ap-southeast-1:644789170005:task-definition/kong-cluster-task:17",
            "arn_without_revision": "arn:aws:ecs:ap-southeast-1:644789170005:task-definition/kong-cluster-task",
            "container_definitions": "[{\"command\":[\"/bin/sh\",\"-c\",\"kong migrations bootstrap \u0026\u0026 kong start\"],\"environment\":[{\"name\":\"KONG_ADMIN_ACCESS_LOG\",\"value\":\"/dev/stdout\"},{\"name\":\"KONG_ADMIN_ERROR_LOG\",\"value\":\"/dev/stderr\"},{\"name\":\"KONG_ADMIN_LISTEN\",\"value\":\"0.0.0.0:8001\"},{\"name\":\"KONG_DATABASE\",\"value\":\"postgres\"},{\"name\":\"KONG_PG_DATABASE\",\"value\":\"kong\"},{\"name\":\"KONG_PG_HOST\",\"value\":\"kong-db-instance.cr0mqyio8js6.ap-southeast-1.rds.amazonaws.com\"},{\"name\":\"KONG_PG_PASSWORD\",\"value\":\"mypassword\"},{\"name\":\"KONG_PG_PORT\",\"value\":\"5432\"},{\"name\":\"KONG_PG_SSL\",\"value\":\"on\"},{\"name\":\"KONG_PG_USER\",\"value\":\"kong\"},{\"name\":\"KONG_PROXY_ACCESS_LOG\",\"value\":\"/dev/stdout\"},{\"name\":\"KONG_PROXY_ERROR_LOG\",\"value\":\"/dev/stderr\"},{\"name\":\"KONG_PROXY_LISTEN\",\"value\":\"0.0.0.0:8000\"}],\"essential\":true,\"image\":\"644789170005.dkr.ecr.ap-southeast-1.amazonaws.com/kong:latest\",\"logConfiguration\":{\"logDriver\":\"awslogs\",\"options\":{\"awslogs-stream-prefix\":\"kong\",\"awslogs-group\":\"/ecs/kong-cluster\",\"awslogs-region\":\"ap-southeast-1\"}},\"mountPoints\":[],\"name\":\"kong\",\"portMappings\":[{\"containerPort\":8000,\"hostPort\":8000,\"protocol\":\"tcp\"},{\"containerPort\":8443,\"hostPort\":8443,\"protocol\":\"tcp\"}],\"systemControls\":[],\"volumesFrom\":[]}]",
            "cpu": "256",
            "enable_fault_injection": false,
            "ephemeral_storage": [],
            "execution_role_arn": "arn:aws:iam::644789170005:role/kong-cluster-execution-role",
            "family": "kong-cluster-task",
            "id": "kong-cluster-task",
            "inference_accelerator": [],
            "ipc_mode": "",
            "memory": "512",
            "network_mode": "awsvpc",
            "pid_mode": "",
            "placement_constraints": [],
            "proxy_configuration": [],
            "requires_compatibilities": [
              "FARGATE"
            ],
            "revision": 17,
            "runtime_platform": [],
            "skip_destroy": false,
            "tags": {
              "Name": "kong-cluster-task"
            },
            "tags_all": {
              "Environment": "production",
              "ManagedBy": "terraform",
              "Name": "kong-cluster-task",
              "Project": "backend-vpc"
            },
            "task_role_arn": "arn:aws:iam::644789170005:role/kong-cluster-task-role",
            "track_latest": false,
            "volume": []
          },
          "sensitive_attributes": [
            [
              {
                "type": "get_attr",
                "value": "container_definitions"
              }
            ]
          ],
          "private": "eyJzY2hlbWFfdmVyc2lvbiI6IjEifQ==",
          "dependencies": [
            "module.alb.aws_lb.main",
            "module.alb.aws_lb_listener.main",
            "module.alb.aws_lb_target_group.main",
            "module.ecr.aws_ecr_repository.kong",
            "module.kong.aws_cloudwatch_log_group.main",
            "module.kong.aws_iam_role.ecs_execution_role",
            "module.kong.aws_iam_role.ecs_task_role",
            "module.kong_db.aws_db_instance.main",
            "module.kong_db.aws_db_subnet_group.main",
            "module.kong_db.aws_security_group.main",
            "module.vpc.aws_eip.nat",
            "module.vpc.aws_internet_gateway.main",
            "module.vpc.aws_nat_gateway.main",
            "module.vpc.aws_route_table.private",
            "module.vpc.aws_route_table.trust",
            "module.vpc.aws_route_table_association.private",
            "module.vpc.aws_route_table_association.trust",
            "module.vpc.aws_security_group.alb",
            "module.vpc.aws_security_group.private",
            "module.vpc.aws_security_group.trust_db",
            "module.vpc.aws_subnet.private",
            "module.vpc.aws_subnet.trust",
            "module.vpc.aws_vpc.main"
          ]
        }
      ]
    },
    {
      "module": "module.kong",
      "mode": "managed",
      "type": "aws_iam_role",
      "name": "ecs_execution_role",
      "provider": "provider[\"registry.terraform.io/hashicorp/aws\"]",
      "instances": [
        {
          "schema_version": 0,
          "attributes": {
            "arn": "arn:aws:iam::644789170005:role/kong-cluster-execution-role",
            "assume_role_policy": "{\"Statement\":[{\"Action\":\"sts:AssumeRole\",\"Effect\":\"Allow\",\"Principal\":{\"Service\":\"ecs-tasks.amazonaws.com\"}}],\"Version\":\"2012-10-17\"}",
            "create_date": "2025-07-20T12:36:51Z",
            "description": "",
            "force_detach_policies": false,
            "id": "kong-cluster-execution-role",
            "inline_policy": [],
            "managed_policy_arns": [
              "arn:aws:iam::aws:policy/service-role/AmazonECSTaskExecutionRolePolicy"
            ],
            "max_session_duration": 3600,
            "name": "kong-cluster-execution-role",
            "name_prefix": "",
            "path": "/",
            "permissions_boundary": "",
            "tags": {},
            "tags_all": {
              "Environment": "production",
              "ManagedBy": "terraform",
              "Project": "backend-vpc"
            },
            "unique_id": "AROAZMIDN55KXOT3JJ6S7"
          },
          "sensitive_attributes": [],
          "private": "bnVsbA==",
          "dependencies": [
            "module.alb.aws_lb.main",
            "module.alb.aws_lb_listener.main",
            "module.alb.aws_lb_target_group.main",
            "module.ecr.aws_ecr_repository.kong",
            "module.kong_db.aws_db_instance.main",
            "module.kong_db.aws_db_subnet_group.main",
            "module.kong_db.aws_security_group.main",
            "module.vpc.aws_eip.nat",
            "module.vpc.aws_internet_gateway.main",
            "module.vpc.aws_nat_gateway.main",
            "module.vpc.aws_route_table.private",
            "module.vpc.aws_route_table.trust",
            "module.vpc.aws_route_table_association.private",
            "module.vpc.aws_route_table_association.trust",
            "module.vpc.aws_security_group.alb",
            "module.vpc.aws_security_group.private",
            "module.vpc.aws_security_group.trust_db",
            "module.vpc.aws_subnet.private",
            "module.vpc.aws_subnet.trust",
            "module.vpc.aws_vpc.main"
          ]
        }
      ]
    },
    {
      "module": "module.kong",
      "mode": "managed",
      "type": "aws_iam_role",
      "name": "ecs_task_role",
      "provider": "provider[\"registry.terraform.io/hashicorp/aws\"]",
      "instances": [
        {
          "schema_version": 0,
          "attributes": {
            "arn": "arn:aws:iam::644789170005:role/kong-cluster-task-role",
            "assume_role_policy": "{\"Statement\":[{\"Action\":\"sts:AssumeRole\",\"Effect\":\"Allow\",\"Principal\":{\"Service\":\"ecs-tasks.amazonaws.com\"}}],\"Version\":\"2012-10-17\"}",
            "create_date": "2025-07-20T12:36:51Z",
            "description": "",
            "force_detach_policies": false,
            "id": "kong-cluster-task-role",
            "inline_policy": [],
            "managed_policy_arns": [],
            "max_session_duration": 3600,
            "name": "kong-cluster-task-role",
            "name_prefix": "",
            "path": "/",
            "permissions_boundary": "",
            "tags": {},
            "tags_all": {
              "Environment": "production",
              "ManagedBy": "terraform",
              "Project": "backend-vpc"
            },
            "unique_id": "AROAZMIDN55KWLMWI3HCS"
          },
          "sensitive_attributes": [],
          "private": "bnVsbA==",
          "dependencies": [
            "module.alb.aws_lb.main",
            "module.alb.aws_lb_listener.main",
            "module.alb.aws_lb_target_group.main",
            "module.ecr.aws_ecr_repository.kong",
            "module.kong_db.aws_db_instance.main",
            "module.kong_db.aws_db_subnet_group.main",
            "module.kong_db.aws_security_group.main",
            "module.vpc.aws_eip.nat",
            "module.vpc.aws_internet_gateway.main",
            "module.vpc.aws_nat_gateway.main",
            "module.vpc.aws_route_table.private",
            "module.vpc.aws_route_table.trust",
            "module.vpc.aws_route_table_association.private",
            "module.vpc.aws_route_table_association.trust",
            "module.vpc.aws_security_group.alb",
            "module.vpc.aws_security_group.private",
            "module.vpc.aws_security_group.trust_db",
            "module.vpc.aws_subnet.private",
            "module.vpc.aws_subnet.trust",
            "module.vpc.aws_vpc.main"
          ]
        }
      ]
    },
    {
      "module": "module.kong",
      "mode": "managed",
      "type": "aws_iam_role_policy_attachment",
      "name": "ecs_execution_role_policy",
      "provider": "provider[\"registry.terraform.io/hashicorp/aws\"]",
      "instances": [
        {
          "schema_version": 0,
          "attributes": {
            "id": "kong-cluster-execution-role-20250720123652585100000003",
            "policy_arn": "arn:aws:iam::aws:policy/service-role/AmazonECSTaskExecutionRolePolicy",
            "role": "kong-cluster-execution-role"
          },
          "sensitive_attributes": [],
          "private": "bnVsbA==",
          "dependencies": [
            "module.alb.aws_lb.main",
            "module.alb.aws_lb_listener.main",
            "module.alb.aws_lb_target_group.main",
            "module.ecr.aws_ecr_repository.kong",
            "module.kong.aws_iam_role.ecs_execution_role",
            "module.kong_db.aws_db_instance.main",
            "module.kong_db.aws_db_subnet_group.main",
            "module.kong_db.aws_security_group.main",
            "module.vpc.aws_eip.nat",
            "module.vpc.aws_internet_gateway.main",
            "module.vpc.aws_nat_gateway.main",
            "module.vpc.aws_route_table.private",
            "module.vpc.aws_route_table.trust",
            "module.vpc.aws_route_table_association.private",
            "module.vpc.aws_route_table_association.trust",
            "module.vpc.aws_security_group.alb",
            "module.vpc.aws_security_group.private",
            "module.vpc.aws_security_group.trust_db",
            "module.vpc.aws_subnet.private",
            "module.vpc.aws_subnet.trust",
            "module.vpc.aws_vpc.main"
          ]
        }
      ]
    },
    {
      "module": "module.kong_db",
      "mode": "managed",
      "type": "aws_db_instance",
      "name": "main",
      "provider": "provider[\"registry.terraform.io/hashicorp/aws\"]",
      "instances": [
        {
          "schema_version": 2,
          "attributes": {
            "address": "kong-db-instance.cr0mqyio8js6.ap-southeast-1.rds.amazonaws.com",
            "allocated_storage": 20,
            "allow_major_version_upgrade": null,
            "apply_immediately": false,
            "arn": "arn:aws:rds:ap-southeast-1:644789170005:db:kong-db-instance",
            "auto_minor_version_upgrade": true,
            "availability_zone": "ap-southeast-1b",
            "backup_retention_period": 7,
            "backup_target": "region",
            "backup_window": "03:00-04:00",
            "blue_green_update": [],
            "ca_cert_identifier": "rds-ca-rsa2048-g1",
            "character_set_name": "",
            "copy_tags_to_snapshot": false,
            "custom_iam_instance_profile": "",
            "customer_owned_ip_enabled": false,
            "database_insights_mode": "standard",
            "db_name": "kong",
            "db_subnet_group_name": "kong-db-instance-subnet-group",
            "dedicated_log_volume": false,
            "delete_automated_backups": true,
            "deletion_protection": false,
            "domain": "",
            "domain_auth_secret_arn": "",
            "domain_dns_ips": [],
            "domain_fqdn": "",
            "domain_iam_role_name": "",
            "domain_ou": "",
            "enabled_cloudwatch_logs_exports": [],
            "endpoint": "kong-db-instance.cr0mqyio8js6.ap-southeast-1.rds.amazonaws.com:5432",
            "engine": "postgres",
            "engine_lifecycle_support": "open-source-rds-extended-support",
            "engine_version": "17.4",
            "engine_version_actual": "17.4",
            "final_snapshot_identifier": null,
            "hosted_zone_id": "Z2G0U3KFCY8NZ5",
            "iam_database_authentication_enabled": false,
            "id": "db-J7WKE2XVQM4UIR5IHAW2DDASVY",
            "identifier": "kong-db-instance",
            "identifier_prefix": "",
            "instance_class": "db.t3.micro",
            "iops": 0,
            "kms_key_id": "arn:aws:kms:ap-southeast-1:644789170005:key/214c4141-4367-4aa0-89df-f4cabbaf1cb5",
            "latest_restorable_time": "2025-07-20T13:14:32Z",
            "license_model": "postgresql-license",
            "listener_endpoint": [],
            "maintenance_window": "sun:04:00-sun:05:00",
            "manage_master_user_password": null,
            "master_user_secret": [],
            "master_user_secret_kms_key_id": null,
            "max_allocated_storage": 0,
            "monitoring_interval": 0,
            "monitoring_role_arn": "",
            "multi_az": false,
            "nchar_character_set_name": "",
            "network_type": "IPV4",
            "option_group_name": "default:postgres-17",
            "parameter_group_name": "default.postgres17",
            "password": "mypassword",
            "password_wo": null,
            "password_wo_version": null,
            "performance_insights_enabled": false,
            "performance_insights_kms_key_id": "",
            "performance_insights_retention_period": 0,
            "port": 5432,
            "publicly_accessible": false,
            "replica_mode": "",
            "replicas": [],
            "replicate_source_db": "",
            "resource_id": "db-J7WKE2XVQM4UIR5IHAW2DDASVY",
            "restore_to_point_in_time": [],
            "s3_import": [],
            "skip_final_snapshot": true,
            "snapshot_identifier": null,
            "status": "available",
            "storage_encrypted": true,
            "storage_throughput": 0,
            "storage_type": "gp2",
            "tags": {
              "Name": "kong-db-instance"
            },
            "tags_all": {
              "Environment": "production",
              "ManagedBy": "terraform",
              "Name": "kong-db-instance",
              "Project": "backend-vpc"
            },
            "timeouts": null,
            "timezone": "",
            "upgrade_storage_config": null,
            "username": "kong",
            "vpc_security_group_ids": [
              "sg-083d87b823e705b1c"
            ]
          },
          "sensitive_attributes": [
            [
              {
                "type": "get_attr",
                "value": "password_wo"
              }
            ],
            [
              {
                "type": "get_attr",
                "value": "password"
              }
            ]
          ],
          "private": "eyJlMmJmYjczMC1lY2FhLTExZTYtOGY4OC0zNDM2M2JjN2M0YzAiOnsiY3JlYXRlIjozMDAwMDAwMDAwMDAwLCJkZWxldGUiOjM2MDAwMDAwMDAwMDAsInVwZGF0ZSI6NDgwMDAwMDAwMDAwMH0sInNjaGVtYV92ZXJzaW9uIjoiMiJ9",
          "dependencies": [
            "module.kong_db.aws_db_subnet_group.main",
            "module.kong_db.aws_security_group.main",
            "module.vpc.aws_eip.nat",
            "module.vpc.aws_internet_gateway.main",
            "module.vpc.aws_nat_gateway.main",
            "module.vpc.aws_route_table.private",
            "module.vpc.aws_route_table.trust",
            "module.vpc.aws_route_table_association.private",
            "module.vpc.aws_route_table_association.trust",
            "module.vpc.aws_security_group.alb",
            "module.vpc.aws_security_group.private",
            "module.vpc.aws_security_group.trust_db",
            "module.vpc.aws_subnet.private",
            "module.vpc.aws_subnet.trust",
            "module.vpc.aws_vpc.main"
          ]
        }
      ]
    },
    {
      "module": "module.kong_db",
      "mode": "managed",
      "type": "aws_db_subnet_group",
      "name": "main",
      "provider": "provider[\"registry.terraform.io/hashicorp/aws\"]",
      "instances": [
        {
          "schema_version": 0,
          "attributes": {
            "arn": "arn:aws:rds:ap-southeast-1:644789170005:subgrp:kong-db-instance-subnet-group",
            "description": "Managed by Terraform",
            "id": "kong-db-instance-subnet-group",
            "name": "kong-db-instance-subnet-group",
            "name_prefix": "",
            "subnet_ids": [
              "subnet-01c3226ccc9730635",
              "subnet-0d693481d3f53f80b"
            ],
            "supported_network_types": [
              "IPV4"
            ],
            "tags": {
              "Name": "kong-db-instance-subnet-group"
            },
            "tags_all": {
              "Environment": "production",
              "ManagedBy": "terraform",
              "Name": "kong-db-instance-subnet-group",
              "Project": "backend-vpc"
            },
            "vpc_id": "vpc-038e1d46082a63150"
          },
          "sensitive_attributes": [],
          "private": "bnVsbA==",
          "dependencies": [
            "module.vpc.aws_eip.nat",
            "module.vpc.aws_internet_gateway.main",
            "module.vpc.aws_nat_gateway.main",
            "module.vpc.aws_route_table.private",
            "module.vpc.aws_route_table.trust",
            "module.vpc.aws_route_table_association.private",
            "module.vpc.aws_route_table_association.trust",
            "module.vpc.aws_security_group.alb",
            "module.vpc.aws_security_group.private",
            "module.vpc.aws_security_group.trust_db",
            "module.vpc.aws_subnet.private",
            "module.vpc.aws_subnet.trust",
            "module.vpc.aws_vpc.main"
          ]
        }
      ]
    },
    {
      "module": "module.kong_db",
      "mode": "managed",
      "type": "aws_security_group",
      "name": "main",
      "provider": "provider[\"registry.terraform.io/hashicorp/aws\"]",
      "instances": [
        {
          "schema_version": 1,
          "attributes": {
            "arn": "arn:aws:ec2:ap-southeast-1:644789170005:security-group/sg-083d87b823e705b1c",
            "description": "Managed by Terraform",
            "egress": [
              {
                "cidr_blocks": [
                  "0.0.0.0/0"
                ],
                "description": "",
                "from_port": 0,
                "ipv6_cidr_blocks": [],
                "prefix_list_ids": [],
                "protocol": "-1",
                "security_groups": [],
                "self": false,
                "to_port": 0
              }
            ],
            "id": "sg-083d87b823e705b1c",
            "ingress": [
              {
                "cidr_blocks": [],
                "description": "",
                "from_port": 5432,
                "ipv6_cidr_blocks": [],
                "prefix_list_ids": [],
                "protocol": "tcp",
                "security_groups": [
                  "sg-0e45e66bd160ea371"
                ],
                "self": false,
                "to_port": 5432
              }
            ],
            "name": "kong-db-instance-sg",
            "name_prefix": "",
            "owner_id": "644789170005",
            "revoke_rules_on_delete": false,
            "tags": {
              "Name": "kong-db-instance-sg"
            },
            "tags_all": {
              "Environment": "production",
              "ManagedBy": "terraform",
              "Name": "kong-db-instance-sg",
              "Project": "backend-vpc"
            },
            "timeouts": null,
            "vpc_id": "vpc-038e1d46082a63150"
          },
          "sensitive_attributes": [],
          "private": "eyJlMmJmYjczMC1lY2FhLTExZTYtOGY4OC0zNDM2M2JjN2M0YzAiOnsiY3JlYXRlIjo2MDAwMDAwMDAwMDAsImRlbGV0ZSI6OTAwMDAwMDAwMDAwfSwic2NoZW1hX3ZlcnNpb24iOiIxIn0=",
          "dependencies": [
            "module.vpc.aws_eip.nat",
            "module.vpc.aws_internet_gateway.main",
            "module.vpc.aws_nat_gateway.main",
            "module.vpc.aws_route_table.private",
            "module.vpc.aws_route_table.trust",
            "module.vpc.aws_route_table_association.private",
            "module.vpc.aws_route_table_association.trust",
            "module.vpc.aws_security_group.alb",
            "module.vpc.aws_security_group.private",
            "module.vpc.aws_security_group.trust_db",
            "module.vpc.aws_subnet.private",
            "module.vpc.aws_subnet.trust",
            "module.vpc.aws_vpc.main"
          ]
        }
      ]
    },
    {
      "module": "module.redis",
      "mode": "managed",
      "type": "aws_elasticache_cluster",
      "name": "main",
      "provider": "provider[\"registry.terraform.io/hashicorp/aws\"]",
      "instances": [
        {
          "schema_version": 0,
          "attributes": {
            "apply_immediately": null,
            "arn": "arn:aws:elasticache:ap-southeast-1:644789170005:cluster:redis",
            "auto_minor_version_upgrade": "true",
            "availability_zone": "ap-southeast-1c",
            "az_mode": "single-az",
            "cache_nodes": [
              {
                "address": "redis.xsrjym.0001.apse1.cache.amazonaws.com",
                "availability_zone": "ap-southeast-1c",
                "id": "0001",
                "outpost_arn": "",
                "port": 6379
              }
            ],
            "cluster_address": null,
            "cluster_id": "redis",
            "configuration_endpoint": null,
            "engine": "redis",
            "engine_version": "7.1",
            "engine_version_actual": "7.1.0",
            "final_snapshot_identifier": null,
            "id": "redis",
            "ip_discovery": "ipv4",
            "log_delivery_configuration": [],
            "maintenance_window": "tue:21:00-tue:22:00",
            "network_type": "ipv4",
            "node_type": "cache.t3.micro",
            "notification_topic_arn": null,
            "num_cache_nodes": 1,
            "outpost_mode": null,
            "parameter_group_name": "redis-params",
            "port": 6379,
            "preferred_availability_zones": null,
            "preferred_outpost_arn": "",
            "replication_group_id": "",
            "security_group_ids": [
              "sg-0829bc0734441eae8"
            ],
            "snapshot_arns": null,
            "snapshot_name": null,
            "snapshot_retention_limit": 0,
            "snapshot_window": "17:30-18:30",
            "subnet_group_name": "redis-subnet-group",
            "tags": {
              "Name": "redis"
            },
            "tags_all": {
              "Environment": "production",
              "ManagedBy": "terraform",
              "Name": "redis",
              "Project": "backend-vpc"
            },
            "timeouts": null,
            "transit_encryption_enabled": false
          },
          "sensitive_attributes": [],
          "private": "eyJlMmJmYjczMC1lY2FhLTExZTYtOGY4OC0zNDM2M2JjN2M0YzAiOnsiY3JlYXRlIjoyNDAwMDAwMDAwMDAwLCJkZWxldGUiOjI0MDAwMDAwMDAwMDAsInVwZGF0ZSI6NDgwMDAwMDAwMDAwMH19",
          "dependencies": [
            "module.redis.aws_elasticache_parameter_group.main",
            "module.redis.aws_elasticache_subnet_group.main",
            "module.redis.aws_security_group.main",
            "module.vpc.aws_eip.nat",
            "module.vpc.aws_internet_gateway.main",
            "module.vpc.aws_nat_gateway.main",
            "module.vpc.aws_route_table.private",
            "module.vpc.aws_route_table.trust",
            "module.vpc.aws_route_table_association.private",
            "module.vpc.aws_route_table_association.trust",
            "module.vpc.aws_security_group.alb",
            "module.vpc.aws_security_group.private",
            "module.vpc.aws_security_group.trust_db",
            "module.vpc.aws_subnet.private",
            "module.vpc.aws_subnet.trust",
            "module.vpc.aws_vpc.main"
          ]
        }
      ]
    },
    {
      "module": "module.redis",
      "mode": "managed",
      "type": "aws_elasticache_parameter_group",
      "name": "main",
      "provider": "provider[\"registry.terraform.io/hashicorp/aws\"]",
      "instances": [
        {
          "schema_version": 0,
          "attributes": {
            "arn": "arn:aws:elasticache:ap-southeast-1:644789170005:parametergroup:redis-params",
            "description": "Managed by Terraform",
            "family": "redis7",
            "id": "redis-params",
            "name": "redis-params",
            "parameter": [],
            "tags": {
              "Name": "redis-params"
            },
            "tags_all": {
              "Environment": "production",
              "ManagedBy": "terraform",
              "Name": "redis-params",
              "Project": "backend-vpc"
            }
          },
          "sensitive_attributes": [],
          "private": "bnVsbA==",
          "dependencies": [
            "module.vpc.aws_eip.nat",
            "module.vpc.aws_internet_gateway.main",
            "module.vpc.aws_nat_gateway.main",
            "module.vpc.aws_route_table.private",
            "module.vpc.aws_route_table.trust",
            "module.vpc.aws_route_table_association.private",
            "module.vpc.aws_route_table_association.trust",
            "module.vpc.aws_security_group.alb",
            "module.vpc.aws_security_group.private",
            "module.vpc.aws_security_group.trust_db",
            "module.vpc.aws_subnet.private",
            "module.vpc.aws_subnet.trust",
            "module.vpc.aws_vpc.main"
          ]
        }
      ]
    },
    {
      "module": "module.redis",
      "mode": "managed",
      "type": "aws_elasticache_subnet_group",
      "name": "main",
      "provider": "provider[\"registry.terraform.io/hashicorp/aws\"]",
      "instances": [
        {
          "schema_version": 0,
          "attributes": {
            "arn": "arn:aws:elasticache:ap-southeast-1:644789170005:subnetgroup:redis-subnet-group",
            "description": "Managed by Terraform",
            "id": "redis-subnet-group",
            "name": "redis-subnet-group",
            "subnet_ids": [
              "subnet-0982ea34dc10c7fe6"
            ],
            "tags": {
              "Name": "redis-subnet-group"
            },
            "tags_all": {
              "Environment": "production",
              "ManagedBy": "terraform",
              "Name": "redis-subnet-group",
              "Project": "backend-vpc"
            },
            "vpc_id": "vpc-038e1d46082a63150"
          },
          "sensitive_attributes": [],
          "private": "bnVsbA==",
          "dependencies": [
            "module.vpc.aws_eip.nat",
            "module.vpc.aws_internet_gateway.main",
            "module.vpc.aws_nat_gateway.main",
            "module.vpc.aws_route_table.private",
            "module.vpc.aws_route_table.trust",
            "module.vpc.aws_route_table_association.private",
            "module.vpc.aws_route_table_association.trust",
            "module.vpc.aws_security_group.alb",
            "module.vpc.aws_security_group.private",
            "module.vpc.aws_security_group.trust_db",
            "module.vpc.aws_subnet.private",
            "module.vpc.aws_subnet.trust",
            "module.vpc.aws_vpc.main"
          ]
        }
      ]
    },
    {
      "module": "module.redis",
      "mode": "managed",
      "type": "aws_security_group",
      "name": "main",
      "provider": "provider[\"registry.terraform.io/hashicorp/aws\"]",
      "instances": [
        {
          "schema_version": 1,
          "attributes": {
            "arn": "arn:aws:ec2:ap-southeast-1:644789170005:security-group/sg-0829bc0734441eae8",
            "description": "Managed by Terraform",
            "egress": [
              {
                "cidr_blocks": [
                  "0.0.0.0/0"
                ],
                "description": "",
                "from_port": 0,
                "ipv6_cidr_blocks": [],
                "prefix_list_ids": [],
                "protocol": "-1",
                "security_groups": [],
                "self": false,
                "to_port": 0
              }
            ],
            "id": "sg-0829bc0734441eae8",
            "ingress": [
              {
                "cidr_blocks": [],
                "description": "",
                "from_port": 6379,
                "ipv6_cidr_blocks": [],
                "prefix_list_ids": [],
                "protocol": "tcp",
                "security_groups": [
                  "sg-0e45e66bd160ea371"
                ],
                "self": false,
                "to_port": 6379
              }
            ],
            "name": "redis-sg",
            "name_prefix": "",
            "owner_id": "644789170005",
            "revoke_rules_on_delete": false,
            "tags": {
              "Name": "redis-sg"
            },
            "tags_all": {
              "Environment": "production",
              "ManagedBy": "terraform",
              "Name": "redis-sg",
              "Project": "backend-vpc"
            },
            "timeouts": null,
            "vpc_id": "vpc-038e1d46082a63150"
          },
          "sensitive_attributes": [],
          "private": "eyJlMmJmYjczMC1lY2FhLTExZTYtOGY4OC0zNDM2M2JjN2M0YzAiOnsiY3JlYXRlIjo2MDAwMDAwMDAwMDAsImRlbGV0ZSI6OTAwMDAwMDAwMDAwfSwic2NoZW1hX3ZlcnNpb24iOiIxIn0=",
          "dependencies": [
            "module.vpc.aws_eip.nat",
            "module.vpc.aws_internet_gateway.main",
            "module.vpc.aws_nat_gateway.main",
            "module.vpc.aws_route_table.private",
            "module.vpc.aws_route_table.trust",
            "module.vpc.aws_route_table_association.private",
            "module.vpc.aws_route_table_association.trust",
            "module.vpc.aws_security_group.alb",
            "module.vpc.aws_security_group.private",
            "module.vpc.aws_security_group.trust_db",
            "module.vpc.aws_subnet.private",
            "module.vpc.aws_subnet.trust",
            "module.vpc.aws_vpc.main"
          ]
        }
      ]
    },
    {
      "module": "module.secrets",
      "mode": "managed",
      "type": "aws_secretsmanager_secret",
      "name": "kong",
      "provider": "provider[\"registry.terraform.io/hashicorp/aws\"]",
      "instances": [
        {
          "schema_version": 0,
          "attributes": {
            "arn": "arn:aws:secretsmanager:ap-southeast-1:644789170005:secret:kong-secrets-d5b691f3ddc304e5-20250720-012211-Yi7nT8",
            "description": "",
            "force_overwrite_replica_secret": false,
            "id": "arn:aws:secretsmanager:ap-southeast-1:644789170005:secret:kong-secrets-d5b691f3ddc304e5-20250720-012211-Yi7nT8",
            "kms_key_id": "",
            "name": "kong-secrets-d5b691f3ddc304e5-20250720-012211",
            "name_prefix": "",
            "policy": "",
            "recovery_window_in_days": 30,
            "replica": [],
            "tags": {
              "Name": "kong-secrets-d5b691f3ddc304e5-20250720-012211"
            },
            "tags_all": {
              "Environment": "production",
              "ManagedBy": "terraform",
              "Name": "kong-secrets-d5b691f3ddc304e5-20250720-012211",
              "Project": "backend-vpc"
            }
          },
          "sensitive_attributes": [],
          "private": "bnVsbA==",
          "dependencies": [
            "module.kong_db.aws_db_instance.main",
            "module.kong_db.aws_db_subnet_group.main",
            "module.kong_db.aws_security_group.main",
            "module.secrets.random_id.secret_suffix",
            "module.vpc.aws_eip.nat",
            "module.vpc.aws_internet_gateway.main",
            "module.vpc.aws_nat_gateway.main",
            "module.vpc.aws_route_table.private",
            "module.vpc.aws_route_table.trust",
            "module.vpc.aws_route_table_association.private",
            "module.vpc.aws_route_table_association.trust",
            "module.vpc.aws_security_group.alb",
            "module.vpc.aws_security_group.private",
            "module.vpc.aws_security_group.trust_db",
            "module.vpc.aws_subnet.private",
            "module.vpc.aws_subnet.trust",
            "module.vpc.aws_vpc.main"
          ]
        }
      ]
    },
    {
      "module": "module.secrets",
      "mode": "managed",
      "type": "aws_secretsmanager_secret_version",
      "name": "kong",
      "provider": "provider[\"registry.terraform.io/hashicorp/aws\"]",
      "instances": [
        {
          "schema_version": 0,
          "attributes": {
            "arn": "arn:aws:secretsmanager:ap-southeast-1:644789170005:secret:kong-secrets-d5b691f3ddc304e5-20250720-012211-Yi7nT8",
            "has_secret_string_wo": null,
            "id": "arn:aws:secretsmanager:ap-southeast-1:644789170005:secret:kong-secrets-d5b691f3ddc304e5-20250720-012211-Yi7nT8|terraform-20250720132211695500000002",
            "secret_binary": "",
            "secret_id": "arn:aws:secretsmanager:ap-southeast-1:644789170005:secret:kong-secrets-d5b691f3ddc304e5-20250720-012211-Yi7nT8",
            "secret_string": "{\"KONG_PASSWORD\":\"mypassword\",\"KONG_POSTGRES_URL\":\"postgresql://kong:mypassword@kong-db-instance.cr0mqyio8js6.ap-southeast-1.rds.amazonaws.com:5432:5432/kong\",\"KONG_USER\":\"kong\"}",
            "secret_string_wo": null,
            "secret_string_wo_version": null,
            "version_id": "terraform-20250720132211695500000002",
            "version_stages": [
              "AWSCURRENT"
            ]
          },
          "sensitive_attributes": [
            [
              {
                "type": "get_attr",
                "value": "secret_string"
              }
            ],
            [
              {
                "type": "get_attr",
                "value": "secret_binary"
              }
            ],
            [
              {
                "type": "get_attr",
                "value": "secret_string_wo"
              }
            ]
          ],
          "private": "bnVsbA==",
          "dependencies": [
            "module.kong_db.aws_db_instance.main",
            "module.kong_db.aws_db_subnet_group.main",
            "module.kong_db.aws_security_group.main",
            "module.secrets.aws_secretsmanager_secret.kong",
            "module.secrets.random_id.secret_suffix",
            "module.vpc.aws_eip.nat",
            "module.vpc.aws_internet_gateway.main",
            "module.vpc.aws_nat_gateway.main",
            "module.vpc.aws_route_table.private",
            "module.vpc.aws_route_table.trust",
            "module.vpc.aws_route_table_association.private",
            "module.vpc.aws_route_table_association.trust",
            "module.vpc.aws_security_group.alb",
            "module.vpc.aws_security_group.private",
            "module.vpc.aws_security_group.trust_db",
            "module.vpc.aws_subnet.private",
            "module.vpc.aws_subnet.trust",
            "module.vpc.aws_vpc.main"
          ]
        }
      ]
    },
    {
      "module": "module.secrets",
      "mode": "managed",
      "type": "random_id",
      "name": "secret_suffix",
      "provider": "provider[\"registry.terraform.io/hashicorp/random\"]",
      "instances": [
        {
          "schema_version": 0,
          "attributes": {
            "b64_std": "1baR893DBOU=",
            "b64_url": "1baR893DBOU",
            "byte_length": 8,
            "dec": "15399656452423615717",
            "hex": "d5b691f3ddc304e5",
            "id": "1baR893DBOU",
            "keepers": null,
            "prefix": null
          },
          "sensitive_attributes": [],
          "dependencies": [
            "module.kong_db.aws_db_instance.main",
            "module.kong_db.aws_db_subnet_group.main",
            "module.kong_db.aws_security_group.main",
            "module.vpc.aws_eip.nat",
            "module.vpc.aws_internet_gateway.main",
            "module.vpc.aws_nat_gateway.main",
            "module.vpc.aws_route_table.private",
            "module.vpc.aws_route_table.trust",
            "module.vpc.aws_route_table_association.private",
            "module.vpc.aws_route_table_association.trust",
            "module.vpc.aws_security_group.alb",
            "module.vpc.aws_security_group.private",
            "module.vpc.aws_security_group.trust_db",
            "module.vpc.aws_subnet.private",
            "module.vpc.aws_subnet.trust",
            "module.vpc.aws_vpc.main"
          ]
        }
      ]
    },
    {
      "module": "module.vpc",
      "mode": "managed",
      "type": "aws_eip",
      "name": "nat",
      "provider": "provider[\"registry.terraform.io/hashicorp/aws\"]",
      "instances": [
        {
          "schema_version": 0,
          "attributes": {
            "address": null,
            "allocation_id": "eipalloc-00c2d3a10904f5ab8",
            "arn": "arn:aws:ec2:ap-southeast-1:644789170005:elastic-ip/eipalloc-00c2d3a10904f5ab8",
            "associate_with_private_ip": null,
            "association_id": "eipassoc-03bd3c65765e6ffc0",
            "carrier_ip": "",
            "customer_owned_ip": "",
            "customer_owned_ipv4_pool": "",
            "domain": "vpc",
            "id": "eipalloc-00c2d3a10904f5ab8",
            "instance": "",
            "ipam_pool_id": null,
            "network_border_group": "ap-southeast-1",
            "network_interface": "eni-09f61bfe21f368c62",
            "private_dns": "ip-172-25-170-218.ap-southeast-1.compute.internal",
            "private_ip": "172.25.170.218",
            "ptr_record": "",
            "public_dns": "ec2-52-74-99-41.ap-southeast-1.compute.amazonaws.com",
            "public_ip": "52.74.99.41",
            "public_ipv4_pool": "amazon",
            "tags": {
              "Name": "backend-vpc-nat-eip"
            },
            "tags_all": {
              "Environment": "production",
              "ManagedBy": "terraform",
              "Name": "backend-vpc-nat-eip",
              "Project": "backend-vpc"
            },
            "timeouts": null,
            "vpc": true
          },
          "sensitive_attributes": [],
          "private": "eyJlMmJmYjczMC1lY2FhLTExZTYtOGY4OC0zNDM2M2JjN2M0YzAiOnsiZGVsZXRlIjoxODAwMDAwMDAwMDAsInJlYWQiOjkwMDAwMDAwMDAwMCwidXBkYXRlIjozMDAwMDAwMDAwMDB9fQ==",
          "dependencies": [
            "module.vpc.aws_internet_gateway.main",
            "module.vpc.aws_vpc.main"
          ]
        }
      ]
    },
    {
      "module": "module.vpc",
      "mode": "managed",
      "type": "aws_internet_gateway",
      "name": "main",
      "provider": "provider[\"registry.terraform.io/hashicorp/aws\"]",
      "instances": [
        {
          "schema_version": 0,
          "attributes": {
            "arn": "arn:aws:ec2:ap-southeast-1:644789170005:internet-gateway/igw-0206e208957480fc1",
            "id": "igw-0206e208957480fc1",
            "owner_id": "644789170005",
            "tags": {
              "Name": "backend-vpc-igw"
            },
            "tags_all": {
              "Environment": "production",
              "ManagedBy": "terraform",
              "Name": "backend-vpc-igw",
              "Project": "backend-vpc"
            },
            "timeouts": null,
            "vpc_id": "vpc-038e1d46082a63150"
          },
          "sensitive_attributes": [],
          "private": "eyJlMmJmYjczMC1lY2FhLTExZTYtOGY4OC0zNDM2M2JjN2M0YzAiOnsiY3JlYXRlIjoxMjAwMDAwMDAwMDAwLCJkZWxldGUiOjEyMDAwMDAwMDAwMDAsInVwZGF0ZSI6MTIwMDAwMDAwMDAwMH19",
          "dependencies": [
            "module.vpc.aws_vpc.main"
          ]
        }
      ]
    },
    {
      "module": "module.vpc",
      "mode": "managed",
      "type": "aws_nat_gateway",
      "name": "main",
      "provider": "provider[\"registry.terraform.io/hashicorp/aws\"]",
      "instances": [
        {
          "schema_version": 0,
          "attributes": {
            "allocation_id": "eipalloc-00c2d3a10904f5ab8",
            "association_id": "eipassoc-03bd3c65765e6ffc0",
            "connectivity_type": "public",
            "id": "nat-0d928c509fcdbef8b",
            "network_interface_id": "eni-09f61bfe21f368c62",
            "private_ip": "172.25.170.218",
            "public_ip": "52.74.99.41",
            "secondary_allocation_ids": [],
            "secondary_private_ip_address_count": 0,
            "secondary_private_ip_addresses": [],
            "subnet_id": "subnet-0d693481d3f53f80b",
            "tags": {
              "Name": "backend-vpc-nat-gateway"
            },
            "tags_all": {
              "Environment": "production",
              "ManagedBy": "terraform",
              "Name": "backend-vpc-nat-gateway",
              "Project": "backend-vpc"
            },
            "timeouts": null
          },
          "sensitive_attributes": [],
          "private": "eyJlMmJmYjczMC1lY2FhLTExZTYtOGY4OC0zNDM2M2JjN2M0YzAiOnsiY3JlYXRlIjo2MDAwMDAwMDAwMDAsImRlbGV0ZSI6MTgwMDAwMDAwMDAwMCwidXBkYXRlIjo2MDAwMDAwMDAwMDB9fQ==",
          "dependencies": [
            "module.vpc.aws_eip.nat",
            "module.vpc.aws_internet_gateway.main",
            "module.vpc.aws_subnet.trust",
            "module.vpc.aws_vpc.main"
          ]
        }
      ]
    },
    {
      "module": "module.vpc",
      "mode": "managed",
      "type": "aws_route_table",
      "name": "private",
      "provider": "provider[\"registry.terraform.io/hashicorp/aws\"]",
      "instances": [
        {
          "schema_version": 0,
          "attributes": {
            "arn": "arn:aws:ec2:ap-southeast-1:644789170005:route-table/rtb-00bd5f3761eec8f61",
            "id": "rtb-00bd5f3761eec8f61",
            "owner_id": "644789170005",
            "propagating_vgws": [],
            "route": [
              {
                "carrier_gateway_id": "",
                "cidr_block": "0.0.0.0/0",
                "core_network_arn": "",
                "destination_prefix_list_id": "",
                "egress_only_gateway_id": "",
                "gateway_id": "",
                "ipv6_cidr_block": "",
                "local_gateway_id": "",
                "nat_gateway_id": "nat-0d928c509fcdbef8b",
                "network_interface_id": "",
                "transit_gateway_id": "",
                "vpc_endpoint_id": "",
                "vpc_peering_connection_id": ""
              }
            ],
            "tags": {
              "Name": "backend-vpc-private-rt"
            },
            "tags_all": {
              "Environment": "production",
              "ManagedBy": "terraform",
              "Name": "backend-vpc-private-rt",
              "Project": "backend-vpc"
            },
            "timeouts": null,
            "vpc_id": "vpc-038e1d46082a63150"
          },
          "sensitive_attributes": [],
          "private": "eyJlMmJmYjczMC1lY2FhLTExZTYtOGY4OC0zNDM2M2JjN2M0YzAiOnsiY3JlYXRlIjozMDAwMDAwMDAwMDAsImRlbGV0ZSI6MzAwMDAwMDAwMDAwLCJ1cGRhdGUiOjEyMDAwMDAwMDAwMH19",
          "dependencies": [
            "module.vpc.aws_eip.nat",
            "module.vpc.aws_internet_gateway.main",
            "module.vpc.aws_nat_gateway.main",
            "module.vpc.aws_subnet.trust",
            "module.vpc.aws_vpc.main"
          ]
        }
      ]
    },
    {
      "module": "module.vpc",
      "mode": "managed",
      "type": "aws_route_table",
      "name": "trust",
      "provider": "provider[\"registry.terraform.io/hashicorp/aws\"]",
      "instances": [
        {
          "schema_version": 0,
          "attributes": {
            "arn": "arn:aws:ec2:ap-southeast-1:644789170005:route-table/rtb-0f5984efb540b724a",
            "id": "rtb-0f5984efb540b724a",
            "owner_id": "644789170005",
            "propagating_vgws": [],
            "route": [
              {
                "carrier_gateway_id": "",
                "cidr_block": "0.0.0.0/0",
                "core_network_arn": "",
                "destination_prefix_list_id": "",
                "egress_only_gateway_id": "",
                "gateway_id": "igw-0206e208957480fc1",
                "ipv6_cidr_block": "",
                "local_gateway_id": "",
                "nat_gateway_id": "",
                "network_interface_id": "",
                "transit_gateway_id": "",
                "vpc_endpoint_id": "",
                "vpc_peering_connection_id": ""
              }
            ],
            "tags": {
              "Name": "backend-vpc-trust-rt"
            },
            "tags_all": {
              "Environment": "production",
              "ManagedBy": "terraform",
              "Name": "backend-vpc-trust-rt",
              "Project": "backend-vpc"
            },
            "timeouts": null,
            "vpc_id": "vpc-038e1d46082a63150"
          },
          "sensitive_attributes": [],
          "private": "eyJlMmJmYjczMC1lY2FhLTExZTYtOGY4OC0zNDM2M2JjN2M0YzAiOnsiY3JlYXRlIjozMDAwMDAwMDAwMDAsImRlbGV0ZSI6MzAwMDAwMDAwMDAwLCJ1cGRhdGUiOjEyMDAwMDAwMDAwMH19",
          "dependencies": [
            "module.vpc.aws_internet_gateway.main",
            "module.vpc.aws_vpc.main"
          ]
        }
      ]
    },
    {
      "module": "module.vpc",
      "mode": "managed",
      "type": "aws_route_table_association",
      "name": "private",
      "provider": "provider[\"registry.terraform.io/hashicorp/aws\"]",
      "instances": [
        {
          "index_key": "ap-southeast-1b",
          "schema_version": 0,
          "attributes": {
            "gateway_id": "",
            "id": "rtbassoc-0916bc17f734f71a6",
            "route_table_id": "rtb-00bd5f3761eec8f61",
            "subnet_id": "subnet-0019fc4d8b86ddbdc",
            "timeouts": null
          },
          "sensitive_attributes": [],
          "private": "eyJlMmJmYjczMC1lY2FhLTExZTYtOGY4OC0zNDM2M2JjN2M0YzAiOnsiY3JlYXRlIjozMDAwMDAwMDAwMDAsImRlbGV0ZSI6MzAwMDAwMDAwMDAwLCJ1cGRhdGUiOjEyMDAwMDAwMDAwMH19",
          "dependencies": [
            "module.vpc.aws_eip.nat",
            "module.vpc.aws_internet_gateway.main",
            "module.vpc.aws_nat_gateway.main",
            "module.vpc.aws_route_table.private",
            "module.vpc.aws_subnet.private",
            "module.vpc.aws_subnet.trust",
            "module.vpc.aws_vpc.main"
          ]
        },
        {
          "index_key": "ap-southeast-1c",
          "schema_version": 0,
          "attributes": {
            "gateway_id": "",
            "id": "rtbassoc-0d069b6edeb6f2865",
            "route_table_id": "rtb-00bd5f3761eec8f61",
            "subnet_id": "subnet-0982ea34dc10c7fe6",
            "timeouts": null
          },
          "sensitive_attributes": [],
          "private": "eyJlMmJmYjczMC1lY2FhLTExZTYtOGY4OC0zNDM2M2JjN2M0YzAiOnsiY3JlYXRlIjozMDAwMDAwMDAwMDAsImRlbGV0ZSI6MzAwMDAwMDAwMDAwLCJ1cGRhdGUiOjEyMDAwMDAwMDAwMH19",
          "dependencies": [
            "module.vpc.aws_eip.nat",
            "module.vpc.aws_internet_gateway.main",
            "module.vpc.aws_nat_gateway.main",
            "module.vpc.aws_route_table.private",
            "module.vpc.aws_subnet.private",
            "module.vpc.aws_subnet.trust",
            "module.vpc.aws_vpc.main"
          ]
        }
      ]
    },
    {
      "module": "module.vpc",
      "mode": "managed",
      "type": "aws_route_table_association",
      "name": "trust",
      "provider": "provider[\"registry.terraform.io/hashicorp/aws\"]",
      "instances": [
        {
          "index_key": "ap-southeast-1b",
          "schema_version": 0,
          "attributes": {
            "gateway_id": "",
            "id": "rtbassoc-059c3c3771aedaaf8",
            "route_table_id": "rtb-0f5984efb540b724a",
            "subnet_id": "subnet-0d693481d3f53f80b",
            "timeouts": null
          },
          "sensitive_attributes": [],
          "private": "eyJlMmJmYjczMC1lY2FhLTExZTYtOGY4OC0zNDM2M2JjN2M0YzAiOnsiY3JlYXRlIjozMDAwMDAwMDAwMDAsImRlbGV0ZSI6MzAwMDAwMDAwMDAwLCJ1cGRhdGUiOjEyMDAwMDAwMDAwMH19",
          "dependencies": [
            "module.vpc.aws_internet_gateway.main",
            "module.vpc.aws_route_table.trust",
            "module.vpc.aws_subnet.trust",
            "module.vpc.aws_vpc.main"
          ]
        },
        {
          "index_key": "ap-southeast-1c",
          "schema_version": 0,
          "attributes": {
            "gateway_id": "",
            "id": "rtbassoc-0d555ef0cd289fe19",
            "route_table_id": "rtb-0f5984efb540b724a",
            "subnet_id": "subnet-01c3226ccc9730635",
            "timeouts": null
          },
          "sensitive_attributes": [],
          "private": "eyJlMmJmYjczMC1lY2FhLTExZTYtOGY4OC0zNDM2M2JjN2M0YzAiOnsiY3JlYXRlIjozMDAwMDAwMDAwMDAsImRlbGV0ZSI6MzAwMDAwMDAwMDAwLCJ1cGRhdGUiOjEyMDAwMDAwMDAwMH19",
          "dependencies": [
            "module.vpc.aws_internet_gateway.main",
            "module.vpc.aws_route_table.trust",
            "module.vpc.aws_subnet.trust",
            "module.vpc.aws_vpc.main"
          ]
        }
      ]
    },
    {
      "module": "module.vpc",
      "mode": "managed",
      "type": "aws_security_group",
      "name": "alb",
      "provider": "provider[\"registry.terraform.io/hashicorp/aws\"]",
      "instances": [
        {
          "schema_version": 1,
          "attributes": {
            "arn": "arn:aws:ec2:ap-southeast-1:644789170005:security-group/sg-0d0a69d8e4404fca2",
            "description": "Security group for ALB",
            "egress": [
              {
                "cidr_blocks": [
                  "0.0.0.0/0"
                ],
                "description": "",
                "from_port": 0,
                "ipv6_cidr_blocks": [],
                "prefix_list_ids": [],
                "protocol": "-1",
                "security_groups": [],
                "self": false,
                "to_port": 0
              }
            ],
            "id": "sg-0d0a69d8e4404fca2",
            "ingress": [
              {
                "cidr_blocks": [
                  "0.0.0.0/0"
                ],
                "description": "HTTP",
                "from_port": 80,
                "ipv6_cidr_blocks": [],
                "prefix_list_ids": [],
                "protocol": "tcp",
                "security_groups": [],
                "self": false,
                "to_port": 80
              },
              {
                "cidr_blocks": [
                  "0.0.0.0/0"
                ],
                "description": "HTTPS",
                "from_port": 443,
                "ipv6_cidr_blocks": [],
                "prefix_list_ids": [],
                "protocol": "tcp",
                "security_groups": [],
                "self": false,
                "to_port": 443
              }
            ],
            "name": "backend-vpc-alb-sg",
            "name_prefix": "",
            "owner_id": "644789170005",
            "revoke_rules_on_delete": false,
            "tags": {
              "Name": "backend-vpc-alb-sg"
            },
            "tags_all": {
              "Environment": "production",
              "ManagedBy": "terraform",
              "Name": "backend-vpc-alb-sg",
              "Project": "backend-vpc"
            },
            "timeouts": null,
            "vpc_id": "vpc-038e1d46082a63150"
          },
          "sensitive_attributes": [],
          "private": "eyJlMmJmYjczMC1lY2FhLTExZTYtOGY4OC0zNDM2M2JjN2M0YzAiOnsiY3JlYXRlIjo2MDAwMDAwMDAwMDAsImRlbGV0ZSI6OTAwMDAwMDAwMDAwfSwic2NoZW1hX3ZlcnNpb24iOiIxIn0=",
          "dependencies": [
            "module.vpc.aws_vpc.main"
          ]
        }
      ]
    },
    {
      "module": "module.vpc",
      "mode": "managed",
      "type": "aws_security_group",
      "name": "private",
      "provider": "provider[\"registry.terraform.io/hashicorp/aws\"]",
      "instances": [
        {
          "schema_version": 1,
          "attributes": {
            "arn": "arn:aws:ec2:ap-southeast-1:644789170005:security-group/sg-0e45e66bd160ea371",
            "description": "Security group for private resources",
            "egress": [
              {
                "cidr_blocks": [
                  "0.0.0.0/0"
                ],
                "description": "",
                "from_port": 0,
                "ipv6_cidr_blocks": [],
                "prefix_list_ids": [],
                "protocol": "-1",
                "security_groups": [],
                "self": false,
                "to_port": 0
              }
            ],
            "id": "sg-0e45e66bd160ea371",
            "ingress": [
              {
                "cidr_blocks": [],
                "description": "All traffic from ALB",
                "from_port": 0,
                "ipv6_cidr_blocks": [],
                "prefix_list_ids": [],
                "protocol": "-1",
                "security_groups": [
                  "sg-0d0a69d8e4404fca2"
                ],
                "self": false,
                "to_port": 0
              }
            ],
            "name": "backend-vpc-private-sg",
            "name_prefix": "",
            "owner_id": "644789170005",
            "revoke_rules_on_delete": false,
            "tags": {
              "Name": "backend-vpc-private-sg"
            },
            "tags_all": {
              "Environment": "production",
              "ManagedBy": "terraform",
              "Name": "backend-vpc-private-sg",
              "Project": "backend-vpc"
            },
            "timeouts": null,
            "vpc_id": "vpc-038e1d46082a63150"
          },
          "sensitive_attributes": [],
          "private": "eyJlMmJmYjczMC1lY2FhLTExZTYtOGY4OC0zNDM2M2JjN2M0YzAiOnsiY3JlYXRlIjo2MDAwMDAwMDAwMDAsImRlbGV0ZSI6OTAwMDAwMDAwMDAwfSwic2NoZW1hX3ZlcnNpb24iOiIxIn0=",
          "dependencies": [
            "module.vpc.aws_security_group.alb",
            "module.vpc.aws_vpc.main"
          ]
        }
      ]
    },
    {
      "module": "module.vpc",
      "mode": "managed",
      "type": "aws_security_group",
      "name": "trust_db",
      "provider": "provider[\"registry.terraform.io/hashicorp/aws\"]",
      "instances": [
        {
          "schema_version": 1,
          "attributes": {
            "arn": "arn:aws:ec2:ap-southeast-1:644789170005:security-group/sg-0805193df503a799f",
            "description": "Security group for database in trust subnet",
            "egress": [
              {
                "cidr_blocks": [
                  "0.0.0.0/0"
                ],
                "description": "",
                "from_port": 0,
                "ipv6_cidr_blocks": [],
                "prefix_list_ids": [],
                "protocol": "-1",
                "security_groups": [],
                "self": false,
                "to_port": 0
              }
            ],
            "id": "sg-0805193df503a799f",
            "ingress": [
              {
                "cidr_blocks": [],
                "description": "PostgreSQL from private subnets",
                "from_port": 5432,
                "ipv6_cidr_blocks": [],
                "prefix_list_ids": [],
                "protocol": "tcp",
                "security_groups": [
                  "sg-0e45e66bd160ea371"
                ],
                "self": false,
                "to_port": 5432
              }
            ],
            "name": "backend-vpc-trust-db-sg",
            "name_prefix": "",
            "owner_id": "644789170005",
            "revoke_rules_on_delete": false,
            "tags": {
              "Name": "backend-vpc-trust-db-sg"
            },
            "tags_all": {
              "Environment": "production",
              "ManagedBy": "terraform",
              "Name": "backend-vpc-trust-db-sg",
              "Project": "backend-vpc"
            },
            "timeouts": null,
            "vpc_id": "vpc-038e1d46082a63150"
          },
          "sensitive_attributes": [],
          "private": "eyJlMmJmYjczMC1lY2FhLTExZTYtOGY4OC0zNDM2M2JjN2M0YzAiOnsiY3JlYXRlIjo2MDAwMDAwMDAwMDAsImRlbGV0ZSI6OTAwMDAwMDAwMDAwfSwic2NoZW1hX3ZlcnNpb24iOiIxIn0=",
          "dependencies": [
            "module.vpc.aws_security_group.alb",
            "module.vpc.aws_security_group.private",
            "module.vpc.aws_vpc.main"
          ]
        }
      ]
    },
    {
      "module": "module.vpc",
      "mode": "managed",
      "type": "aws_subnet",
      "name": "private",
      "provider": "provider[\"registry.terraform.io/hashicorp/aws\"]",
      "instances": [
        {
          "index_key": "ap-southeast-1b",
          "schema_version": 1,
          "attributes": {
            "arn": "arn:aws:ec2:ap-southeast-1:644789170005:subnet/subnet-0019fc4d8b86ddbdc",
            "assign_ipv6_address_on_creation": false,
            "availability_zone": "ap-southeast-1b",
            "availability_zone_id": "apse1-az1",
            "cidr_block": "172.25.1.0/24",
            "customer_owned_ipv4_pool": "",
            "enable_dns64": false,
            "enable_lni_at_device_index": 0,
            "enable_resource_name_dns_a_record_on_launch": false,
            "enable_resource_name_dns_aaaa_record_on_launch": false,
            "id": "subnet-0019fc4d8b86ddbdc",
            "ipv6_cidr_block": "",
            "ipv6_cidr_block_association_id": "",
            "ipv6_native": false,
            "map_customer_owned_ip_on_launch": false,
            "map_public_ip_on_launch": false,
            "outpost_arn": "",
            "owner_id": "644789170005",
            "private_dns_hostname_type_on_launch": "ip-name",
            "tags": {
              "Name": "backend-vpc-private-subnet-b"
            },
            "tags_all": {
              "Environment": "production",
              "ManagedBy": "terraform",
              "Name": "backend-vpc-private-subnet-b",
              "Project": "backend-vpc"
            },
            "timeouts": null,
            "vpc_id": "vpc-038e1d46082a63150"
          },
          "sensitive_attributes": [],
          "private": "eyJlMmJmYjczMC1lY2FhLTExZTYtOGY4OC0zNDM2M2JjN2M0YzAiOnsiY3JlYXRlIjo2MDAwMDAwMDAwMDAsImRlbGV0ZSI6MTIwMDAwMDAwMDAwMH0sInNjaGVtYV92ZXJzaW9uIjoiMSJ9",
          "dependencies": [
            "module.vpc.aws_vpc.main"
          ]
        },
        {
          "index_key": "ap-southeast-1c",
          "schema_version": 1,
          "attributes": {
            "arn": "arn:aws:ec2:ap-southeast-1:644789170005:subnet/subnet-0982ea34dc10c7fe6",
            "assign_ipv6_address_on_creation": false,
            "availability_zone": "ap-southeast-1c",
            "availability_zone_id": "apse1-az3",
            "cidr_block": "172.25.2.0/24",
            "customer_owned_ipv4_pool": "",
            "enable_dns64": false,
            "enable_lni_at_device_index": 0,
            "enable_resource_name_dns_a_record_on_launch": false,
            "enable_resource_name_dns_aaaa_record_on_launch": false,
            "id": "subnet-0982ea34dc10c7fe6",
            "ipv6_cidr_block": "",
            "ipv6_cidr_block_association_id": "",
            "ipv6_native": false,
            "map_customer_owned_ip_on_launch": false,
            "map_public_ip_on_launch": false,
            "outpost_arn": "",
            "owner_id": "644789170005",
            "private_dns_hostname_type_on_launch": "ip-name",
            "tags": {
              "Name": "backend-vpc-private-subnet-c"
            },
            "tags_all": {
              "Environment": "production",
              "ManagedBy": "terraform",
              "Name": "backend-vpc-private-subnet-c",
              "Project": "backend-vpc"
            },
            "timeouts": null,
            "vpc_id": "vpc-038e1d46082a63150"
          },
          "sensitive_attributes": [],
          "private": "eyJlMmJmYjczMC1lY2FhLTExZTYtOGY4OC0zNDM2M2JjN2M0YzAiOnsiY3JlYXRlIjo2MDAwMDAwMDAwMDAsImRlbGV0ZSI6MTIwMDAwMDAwMDAwMH0sInNjaGVtYV92ZXJzaW9uIjoiMSJ9",
          "dependencies": [
            "module.vpc.aws_vpc.main"
          ]
        }
      ]
    },
    {
      "module": "module.vpc",
      "mode": "managed",
      "type": "aws_subnet",
      "name": "trust",
      "provider": "provider[\"registry.terraform.io/hashicorp/aws\"]",
      "instances": [
        {
          "index_key": "ap-southeast-1b",
          "schema_version": 1,
          "attributes": {
            "arn": "arn:aws:ec2:ap-southeast-1:644789170005:subnet/subnet-0d693481d3f53f80b",
            "assign_ipv6_address_on_creation": false,
            "availability_zone": "ap-southeast-1b",
            "availability_zone_id": "apse1-az1",
            "cidr_block": "172.25.170.192/27",
            "customer_owned_ipv4_pool": "",
            "enable_dns64": false,
            "enable_lni_at_device_index": 0,
            "enable_resource_name_dns_a_record_on_launch": false,
            "enable_resource_name_dns_aaaa_record_on_launch": false,
            "id": "subnet-0d693481d3f53f80b",
            "ipv6_cidr_block": "",
            "ipv6_cidr_block_association_id": "",
            "ipv6_native": false,
            "map_customer_owned_ip_on_launch": false,
            "map_public_ip_on_launch": true,
            "outpost_arn": "",
            "owner_id": "644789170005",
            "private_dns_hostname_type_on_launch": "ip-name",
            "tags": {
              "Name": "backend-vpc-trust-subnet-b"
            },
            "tags_all": {
              "Environment": "production",
              "ManagedBy": "terraform",
              "Name": "backend-vpc-trust-subnet-b",
              "Project": "backend-vpc"
            },
            "timeouts": null,
            "vpc_id": "vpc-038e1d46082a63150"
          },
          "sensitive_attributes": [],
          "private": "eyJlMmJmYjczMC1lY2FhLTExZTYtOGY4OC0zNDM2M2JjN2M0YzAiOnsiY3JlYXRlIjo2MDAwMDAwMDAwMDAsImRlbGV0ZSI6MTIwMDAwMDAwMDAwMH0sInNjaGVtYV92ZXJzaW9uIjoiMSJ9",
          "dependencies": [
            "module.vpc.aws_vpc.main"
          ]
        },
        {
          "index_key": "ap-southeast-1c",
          "schema_version": 1,
          "attributes": {
            "arn": "arn:aws:ec2:ap-southeast-1:644789170005:subnet/subnet-01c3226ccc9730635",
            "assign_ipv6_address_on_creation": false,
            "availability_zone": "ap-southeast-1c",
            "availability_zone_id": "apse1-az3",
            "cidr_block": "172.25.170.224/27",
            "customer_owned_ipv4_pool": "",
            "enable_dns64": false,
            "enable_lni_at_device_index": 0,
            "enable_resource_name_dns_a_record_on_launch": false,
            "enable_resource_name_dns_aaaa_record_on_launch": false,
            "id": "subnet-01c3226ccc9730635",
            "ipv6_cidr_block": "",
            "ipv6_cidr_block_association_id": "",
            "ipv6_native": false,
            "map_customer_owned_ip_on_launch": false,
            "map_public_ip_on_launch": true,
            "outpost_arn": "",
            "owner_id": "644789170005",
            "private_dns_hostname_type_on_launch": "ip-name",
            "tags": {
              "Name": "backend-vpc-trust-subnet-c"
            },
            "tags_all": {
              "Environment": "production",
              "ManagedBy": "terraform",
              "Name": "backend-vpc-trust-subnet-c",
              "Project": "backend-vpc"
            },
            "timeouts": null,
            "vpc_id": "vpc-038e1d46082a63150"
          },
          "sensitive_attributes": [],
          "private": "eyJlMmJmYjczMC1lY2FhLTExZTYtOGY4OC0zNDM2M2JjN2M0YzAiOnsiY3JlYXRlIjo2MDAwMDAwMDAwMDAsImRlbGV0ZSI6MTIwMDAwMDAwMDAwMH0sInNjaGVtYV92ZXJzaW9uIjoiMSJ9",
          "dependencies": [
            "module.vpc.aws_vpc.main"
          ]
        }
      ]
    },
    {
      "module": "module.vpc",
      "mode": "managed",
      "type": "aws_vpc",
      "name": "main",
      "provider": "provider[\"registry.terraform.io/hashicorp/aws\"]",
      "instances": [
        {
          "schema_version": 1,
          "attributes": {
            "arn": "arn:aws:ec2:ap-southeast-1:644789170005:vpc/vpc-038e1d46082a63150",
            "assign_generated_ipv6_cidr_block": false,
            "cidr_block": "172.25.0.0/16",
            "default_network_acl_id": "acl-081b5f6d492aae0a9",
            "default_route_table_id": "rtb-033e1febdacf6edf6",
            "default_security_group_id": "sg-0f7f5b86d7d688e80",
            "dhcp_options_id": "dopt-081727f986f771b61",
            "enable_dns_hostnames": true,
            "enable_dns_support": true,
            "enable_network_address_usage_metrics": false,
            "id": "vpc-038e1d46082a63150",
            "instance_tenancy": "default",
            "ipv4_ipam_pool_id": null,
            "ipv4_netmask_length": null,
            "ipv6_association_id": "",
            "ipv6_cidr_block": "",
            "ipv6_cidr_block_network_border_group": "",
            "ipv6_ipam_pool_id": "",
            "ipv6_netmask_length": 0,
            "main_route_table_id": "rtb-033e1febdacf6edf6",
            "owner_id": "644789170005",
            "tags": {
              "Name": "backend-vpc"
            },
            "tags_all": {
              "Environment": "production",
              "ManagedBy": "terraform",
              "Name": "backend-vpc",
              "Project": "backend-vpc"
            }
          },
          "sensitive_attributes": [],
          "private": "eyJzY2hlbWFfdmVyc2lvbiI6IjEifQ=="
        }
      ]
    }
  ],
  "check_results": null
}
